// !$*UTF8*$!
{
	archiveVersion = 1;
	classes = {
	};
	objectVersion = 46;
	objects = {

/* Begin PBXBuildFile section */
		1F412885225493F500ADB6D0 /* main.m in Sources */ = {isa = PBXBuildFile; fileRef = 1F412884225493F500ADB6D0 /* main.m */; };
		1F41288822549ABE00ADB6D0 /* PointCloudViewController.m in Sources */ = {isa = PBXBuildFile; fileRef = 1F41288722549ABE00ADB6D0 /* PointCloudViewController.m */; };
		1FA62CF6221C59540064E62B /* ITMDepthTracker.metal in Sources */ = {isa = PBXBuildFile; fileRef = A62ECD811BB59BAC000CC25D /* ITMDepthTracker.metal */; };
		1FA62CF7221C59540064E62B /* ITMTrackerFactory.cpp in Sources */ = {isa = PBXBuildFile; fileRef = A62ECDA91BB59BAC000CC25D /* ITMTrackerFactory.cpp */; };
		1FA62CF8221C59540064E62B /* ITMColorTracker.cpp in Sources */ = {isa = PBXBuildFile; fileRef = A62ECD961BB59BAC000CC25D /* ITMColorTracker.cpp */; };
		1FA62CF9221C59540064E62B /* ITMTrackingController.cpp in Sources */ = {isa = PBXBuildFile; fileRef = A62ECDAB1BB59BAC000CC25D /* ITMTrackingController.cpp */; };
		1FA62CFA221C59540064E62B /* ITMSceneReconstructionEngine.metal in Sources */ = {isa = PBXBuildFile; fileRef = A62ECD8A1BB59BAC000CC25D /* ITMSceneReconstructionEngine.metal */; };
		1FA62CFB221C59540064E62B /* ImageSourceEngine.cpp in Sources */ = {isa = PBXBuildFile; fileRef = A626D7671A0F9A220086B8BF /* ImageSourceEngine.cpp */; };
		1FA62CFC221C59540064E62B /* ViewController.mm in Sources */ = {isa = PBXBuildFile; fileRef = 6F7C0CDA17F0EA0500692EC1 /* ViewController.mm */; };
		1FA62CFD221C59540064E62B /* ITMRenTracker.cpp in Sources */ = {isa = PBXBuildFile; fileRef = A62ECDA41BB59BAC000CC25D /* ITMRenTracker.cpp */; };
		1FA62CFE221C59540064E62B /* ITMColorTracker_CPU.cpp in Sources */ = {isa = PBXBuildFile; fileRef = A62ECD531BB59BAB000CC25D /* ITMColorTracker_CPU.cpp */; };
		1FA62CFF221C59540064E62B /* IMUSourceEngine.cpp in Sources */ = {isa = PBXBuildFile; fileRef = A65A33E71A7BABA200F65FA2 /* IMUSourceEngine.cpp */; };
		1FA62D00221C59540064E62B /* ITMWeightedICPTracker_CPU.cpp in Sources */ = {isa = PBXBuildFile; fileRef = A62ECD651BB59BAB000CC25D /* ITMWeightedICPTracker_CPU.cpp */; };
		1FA62D01221C59540064E62B /* ITMDepthTracker_CPU.cpp in Sources */ = {isa = PBXBuildFile; fileRef = A62ECD551BB59BAB000CC25D /* ITMDepthTracker_CPU.cpp */; };
		1FA62D02221C59540064E62B /* ITMVisualisationEngine.metal in Sources */ = {isa = PBXBuildFile; fileRef = A62ECD931BB59BAC000CC25D /* ITMVisualisationEngine.metal */; };
		1FA62D03221C59540064E62B /* Dummy.cpp in Sources */ = {isa = PBXBuildFile; fileRef = A62ECD321BB59B98000CC25D /* Dummy.cpp */; };
		1FA62D04221C59540064E62B /* AppDelegate.m in Sources */ = {isa = PBXBuildFile; fileRef = 6F7C0CD217F0EA0500692EC1 /* AppDelegate.m */; };
		1FA62D05221C59540064E62B /* ITMSwappingEngine_CPU.cpp in Sources */ = {isa = PBXBuildFile; fileRef = A62ECD5F1BB59BAB000CC25D /* ITMSwappingEngine_CPU.cpp */; };
		1FA62D06221C59540064E62B /* ITMRenTracker_CPU.cpp in Sources */ = {isa = PBXBuildFile; fileRef = A62ECD5B1BB59BAB000CC25D /* ITMRenTracker_CPU.cpp */; };
		1FA62D07221C59540064E62B /* ITMVisualisationEngine.cpp in Sources */ = {isa = PBXBuildFile; fileRef = A62ECDAE1BB59BAC000CC25D /* ITMVisualisationEngine.cpp */; };
		1FA62D08221C59540064E62B /* ITMMeshingEngine_CPU.cpp in Sources */ = {isa = PBXBuildFile; fileRef = A62ECD591BB59BAB000CC25D /* ITMMeshingEngine_CPU.cpp */; };
		1FA62D09221C59540064E62B /* ITMDepthTracker.cpp in Sources */ = {isa = PBXBuildFile; fileRef = A62ECD9B1BB59BAC000CC25D /* ITMDepthTracker.cpp */; };
		1FA62D0A221C59540064E62B /* ITMColorTracker_Metal.mm in Sources */ = {isa = PBXBuildFile; fileRef = A62ECD801BB59BAC000CC25D /* ITMColorTracker_Metal.mm */; };
		1FA62D0B221C59540064E62B /* ITMViewBuilder_CPU.cpp in Sources */ = {isa = PBXBuildFile; fileRef = A62ECD611BB59BAB000CC25D /* ITMViewBuilder_CPU.cpp */; };
		1FA62D0C221C59540064E62B /* ITMDenseMapper.cpp in Sources */ = {isa = PBXBuildFile; fileRef = A62ECD991BB59BAC000CC25D /* ITMDenseMapper.cpp */; };
		1FA62D0D221C59540064E62B /* ITMSwappingEngine.metal in Sources */ = {isa = PBXBuildFile; fileRef = A62ECD8D1BB59BAC000CC25D /* ITMSwappingEngine.metal */; };
		1FA62D0E221C59540064E62B /* ITMCalibIO.cpp in Sources */ = {isa = PBXBuildFile; fileRef = A62ECDCD1BB59BAC000CC25D /* ITMCalibIO.cpp */; };
		1FA62D0F221C59540064E62B /* ITMLibSettings.cpp in Sources */ = {isa = PBXBuildFile; fileRef = A62ECDD01BB59BAC000CC25D /* ITMLibSettings.cpp */; };
		1FA62D10221C59540064E62B /* ITMSceneReconstructionEngine_Metal.mm in Sources */ = {isa = PBXBuildFile; fileRef = A62ECD8C1BB59BAC000CC25D /* ITMSceneReconstructionEngine_Metal.mm */; };
		1FA62D11221C59540064E62B /* ITMLowLevelEngine_Metal.mm in Sources */ = {isa = PBXBuildFile; fileRef = A62ECD861BB59BAC000CC25D /* ITMLowLevelEngine_Metal.mm */; };
		1FA62D12221C59540064E62B /* ITMVisualisationEngine_CPU.cpp in Sources */ = {isa = PBXBuildFile; fileRef = A62ECD631BB59BAB000CC25D /* ITMVisualisationEngine_CPU.cpp */; };
		1FA62D13221C59540064E62B /* ITMIMUTracker.cpp in Sources */ = {isa = PBXBuildFile; fileRef = A62ECD9E1BB59BAC000CC25D /* ITMIMUTracker.cpp */; };
		1FA62D14221C59540064E62B /* ITMLowLevelEngine.metal in Sources */ = {isa = PBXBuildFile; fileRef = A62ECD841BB59BAC000CC25D /* ITMLowLevelEngine.metal */; };
		1FA62D15221C59540064E62B /* ITMWeightedICPTracker.cpp in Sources */ = {isa = PBXBuildFile; fileRef = A62ECDB01BB59BAC000CC25D /* ITMWeightedICPTracker.cpp */; };
		1FA62D16221C59540064E62B /* ITMPose.cpp in Sources */ = {isa = PBXBuildFile; fileRef = A62ECDBE1BB59BAC000CC25D /* ITMPose.cpp */; };
		1FA62D17221C59540064E62B /* ITMLowLevelEngine_CPU.cpp in Sources */ = {isa = PBXBuildFile; fileRef = A62ECD571BB59BAB000CC25D /* ITMLowLevelEngine_CPU.cpp */; };
		1FA62D18221C59540064E62B /* ITMViewBuilder.metal in Sources */ = {isa = PBXBuildFile; fileRef = A62ECD901BB59BAC000CC25D /* ITMViewBuilder.metal */; };
		1FA62D19221C59540064E62B /* ITMColorTracker.metal in Sources */ = {isa = PBXBuildFile; fileRef = A62ECD7E1BB59BAC000CC25D /* ITMColorTracker.metal */; };
		1FA62D1B221C59540064E62B /* ITMRenTracker.metal in Sources */ = {isa = PBXBuildFile; fileRef = A62ECD871BB59BAC000CC25D /* ITMRenTracker.metal */; };
		1FA62D1C221C59540064E62B /* ITMMainEngine.cpp in Sources */ = {isa = PBXBuildFile; fileRef = A62ECDA11BB59BAC000CC25D /* ITMMainEngine.cpp */; };
		1FA62D1E221C59540064E62B /* ITMSceneReconstructionEngine_CPU.cpp in Sources */ = {isa = PBXBuildFile; fileRef = A62ECD5D1BB59BAB000CC25D /* ITMSceneReconstructionEngine_CPU.cpp */; };
		1FA62D1F221C59540064E62B /* ITMRenTracker_Metal.mm in Sources */ = {isa = PBXBuildFile; fileRef = A62ECD891BB59BAC000CC25D /* ITMRenTracker_Metal.mm */; };
		1FA62D20221C59540064E62B /* MetalContext.mm in Sources */ = {isa = PBXBuildFile; fileRef = A62ECD3A1BB59B98000CC25D /* MetalContext.mm */; };
		1FA62D21221C59540064E62B /* ITMVisualisationEngine_Metal.mm in Sources */ = {isa = PBXBuildFile; fileRef = A62ECD951BB59BAC000CC25D /* ITMVisualisationEngine_Metal.mm */; };
		1FA62D22221C59540064E62B /* ITMViewBuilder_Metal.mm in Sources */ = {isa = PBXBuildFile; fileRef = A62ECD921BB59BAC000CC25D /* ITMViewBuilder_Metal.mm */; };
		1FA62D23221C59540064E62B /* ITMDepthTracker_Metal.mm in Sources */ = {isa = PBXBuildFile; fileRef = A62ECD831BB59BAC000CC25D /* ITMDepthTracker_Metal.mm */; };
		1FA62D24221C59540064E62B /* ITMSwappingEngine_Metal.mm in Sources */ = {isa = PBXBuildFile; fileRef = A62ECD8F1BB59BAC000CC25D /* ITMSwappingEngine_Metal.mm */; };
		1FA62D27221C59540064E62B /* Metal.framework in Frameworks */ = {isa = PBXBuildFile; fileRef = A626D7531A0F93660086B8BF /* Metal.framework */; };
		1FA62D28221C59540064E62B /* CoreMotion.framework in Frameworks */ = {isa = PBXBuildFile; fileRef = 2DFFE048199142E800761886 /* CoreMotion.framework */; };
		1FA62D29221C59540064E62B /* QuartzCore.framework in Frameworks */ = {isa = PBXBuildFile; fileRef = 01FAFAF11964A14700BF040D /* QuartzCore.framework */; };
		1FA62D2A221C59540064E62B /* Foundation.framework in Frameworks */ = {isa = PBXBuildFile; fileRef = 6F7C0CC017F0EA0500692EC1 /* Foundation.framework */; };
		1FA62D2B221C59540064E62B /* AVFoundation.framework in Frameworks */ = {isa = PBXBuildFile; fileRef = 431C6F5218455ABD00EDB38B /* AVFoundation.framework */; };
		1FA62D2C221C59540064E62B /* Accelerate.framework in Frameworks */ = {isa = PBXBuildFile; fileRef = 6F1239071862A59D00BD1D7A /* Accelerate.framework */; };
		1FA62D2E221C59540064E62B /* ImageIO.framework in Frameworks */ = {isa = PBXBuildFile; fileRef = 6F1239091862A5D300BD1D7A /* ImageIO.framework */; };
		1FA62D2F221C59540064E62B /* CoreMedia.framework in Frameworks */ = {isa = PBXBuildFile; fileRef = 6F2B4EE0186532A500403B8C /* CoreMedia.framework */; };
		1FA62D30221C59540064E62B /* CoreGraphics.framework in Frameworks */ = {isa = PBXBuildFile; fileRef = 6F7C0CC217F0EA0500692EC1 /* CoreGraphics.framework */; };
		1FA62D31221C59540064E62B /* CoreImage.framework in Frameworks */ = {isa = PBXBuildFile; fileRef = 6F2B4EDE1865326B00403B8C /* CoreImage.framework */; };
		1FA62D32221C59540064E62B /* CoreVideo.framework in Frameworks */ = {isa = PBXBuildFile; fileRef = 6F2B4EE2186532CE00403B8C /* CoreVideo.framework */; };
		1FA62D33221C59540064E62B /* UIKit.framework in Frameworks */ = {isa = PBXBuildFile; fileRef = 6F7C0CC417F0EA0500692EC1 /* UIKit.framework */; };
		1FA62D37221C59540064E62B /* LaunchScreen.xib in Resources */ = {isa = PBXBuildFile; fileRef = A626D7641A0F98CF0086B8BF /* LaunchScreen.xib */; };
		1FA62D38221C59540064E62B /* ITMLowLevelEngine_CUDA.cu in Resources */ = {isa = PBXBuildFile; fileRef = A62ECD6D1BB59BAB000CC25D /* ITMLowLevelEngine_CUDA.cu */; };
		1FA62D3A221C59540064E62B /* ITMMeshingEngine_CUDA.cu in Resources */ = {isa = PBXBuildFile; fileRef = A62ECD6F1BB59BAC000CC25D /* ITMMeshingEngine_CUDA.cu */; };
		1FA62D3B221C59540064E62B /* ITMSwappingEngine_CUDA.cu in Resources */ = {isa = PBXBuildFile; fileRef = A62ECD751BB59BAC000CC25D /* ITMSwappingEngine_CUDA.cu */; };
		1FA62D3C221C59540064E62B /* ITMVisualisationEngine_CUDA.cu in Resources */ = {isa = PBXBuildFile; fileRef = A62ECD791BB59BAC000CC25D /* ITMVisualisationEngine_CUDA.cu */; };
		1FA62D3D221C59540064E62B /* ITMColorTracker_CUDA.cu in Resources */ = {isa = PBXBuildFile; fileRef = A62ECD681BB59BAB000CC25D /* ITMColorTracker_CUDA.cu */; };
		1FA62D3F221C59540064E62B /* Main.storyboard in Resources */ = {isa = PBXBuildFile; fileRef = A6CA7EF81A0FDE0C0070848F /* Main.storyboard */; };
		1FA62D40221C59540064E62B /* ITMDepthTracker_CUDA.cu in Resources */ = {isa = PBXBuildFile; fileRef = A62ECD6B1BB59BAB000CC25D /* ITMDepthTracker_CUDA.cu */; };
		1FA62D41221C59540064E62B /* ITMSceneReconstructionEngine_CUDA.cu in Resources */ = {isa = PBXBuildFile; fileRef = A62ECD731BB59BAC000CC25D /* ITMSceneReconstructionEngine_CUDA.cu */; };
		1FA62D42221C59540064E62B /* ITMRenTracker_CUDA.cu in Resources */ = {isa = PBXBuildFile; fileRef = A62ECD711BB59BAC000CC25D /* ITMRenTracker_CUDA.cu */; };
		1FA62D43221C59540064E62B /* ITMWeightedICPTracker_CUDA.cu in Resources */ = {isa = PBXBuildFile; fileRef = A62ECD7B1BB59BAC000CC25D /* ITMWeightedICPTracker_CUDA.cu */; };
		1FA62D44221C59540064E62B /* ITMViewBuilder_CUDA.cu in Resources */ = {isa = PBXBuildFile; fileRef = A62ECD771BB59BAC000CC25D /* ITMViewBuilder_CUDA.cu */; };
		1FA62D45221C59540064E62B /* Images.xcassets in Resources */ = {isa = PBXBuildFile; fileRef = 6F7C0CDD17F0EA0500692EC1 /* Images.xcassets */; };
		1FEF90FF224A220100E8AA35 /* AAPLTransforms.mm in Sources */ = {isa = PBXBuildFile; fileRef = 1FEF90FC224A220100E8AA35 /* AAPLTransforms.mm */; };
		1FEF9100224A220100E8AA35 /* PointCloudMetalView.mm in Sources */ = {isa = PBXBuildFile; fileRef = 1FEF90FE224A220100E8AA35 /* PointCloudMetalView.mm */; };
		1FEF9102224A246C00E8AA35 /* MetalKit.framework in Frameworks */ = {isa = PBXBuildFile; fileRef = 1FEF9101224A246C00E8AA35 /* MetalKit.framework */; };
		1FEF9106224A25F200E8AA35 /* FileUtils.cpp in Sources */ = {isa = PBXBuildFile; fileRef = 1FEF9105224A25F200E8AA35 /* FileUtils.cpp */; };
		1FEF910C224A28CD00E8AA35 /* PointCloud.metal in Sources */ = {isa = PBXBuildFile; fileRef = 1FEF9108224A28CD00E8AA35 /* PointCloud.metal */; };
		1FEF910D224A28CD00E8AA35 /* Mixer.metal in Sources */ = {isa = PBXBuildFile; fileRef = 1FEF9109224A28CD00E8AA35 /* Mixer.metal */; };
		1FEF910E224A28CD00E8AA35 /* DepthToJET.metal in Sources */ = {isa = PBXBuildFile; fileRef = 1FEF910A224A28CD00E8AA35 /* DepthToJET.metal */; };
		1FEF910F224A28CD00E8AA35 /* PassThrough.metal in Sources */ = {isa = PBXBuildFile; fileRef = 1FEF910B224A28CD00E8AA35 /* PassThrough.metal */; };
/* End PBXBuildFile section */

/* Begin PBXFileReference section */
		01FAFAF11964A14700BF040D /* QuartzCore.framework */ = {isa = PBXFileReference; lastKnownFileType = wrapper.framework; name = QuartzCore.framework; path = System/Library/Frameworks/QuartzCore.framework; sourceTree = SDKROOT; };
		1F412884225493F500ADB6D0 /* main.m */ = {isa = PBXFileReference; fileEncoding = 4; lastKnownFileType = sourcecode.c.objc; path = main.m; sourceTree = "<group>"; };
		1F41288622549ABE00ADB6D0 /* PointCloudViewController.h */ = {isa = PBXFileReference; lastKnownFileType = sourcecode.c.h; path = PointCloudViewController.h; sourceTree = "<group>"; };
		1F41288722549ABE00ADB6D0 /* PointCloudViewController.m */ = {isa = PBXFileReference; lastKnownFileType = sourcecode.c.objc; path = PointCloudViewController.m; sourceTree = "<group>"; };
		1FA62D4A221C59540064E62B /* BodyFusion.app */ = {isa = PBXFileReference; explicitFileType = wrapper.application; includeInIndex = 0; path = BodyFusion.app; sourceTree = BUILT_PRODUCTS_DIR; };
		1FEF90FB224A220100E8AA35 /* PointCloudMetalView.h */ = {isa = PBXFileReference; fileEncoding = 4; lastKnownFileType = sourcecode.c.h; path = PointCloudMetalView.h; sourceTree = "<group>"; };
		1FEF90FC224A220100E8AA35 /* AAPLTransforms.mm */ = {isa = PBXFileReference; fileEncoding = 4; lastKnownFileType = sourcecode.cpp.objcpp; path = AAPLTransforms.mm; sourceTree = "<group>"; };
		1FEF90FD224A220100E8AA35 /* AAPLTransforms.h */ = {isa = PBXFileReference; fileEncoding = 4; lastKnownFileType = sourcecode.c.h; path = AAPLTransforms.h; sourceTree = "<group>"; };
		1FEF90FE224A220100E8AA35 /* PointCloudMetalView.mm */ = {isa = PBXFileReference; fileEncoding = 4; lastKnownFileType = sourcecode.cpp.objcpp; path = PointCloudMetalView.mm; sourceTree = "<group>"; };
		1FEF9101224A246C00E8AA35 /* MetalKit.framework */ = {isa = PBXFileReference; lastKnownFileType = wrapper.framework; name = MetalKit.framework; path = System/Library/Frameworks/MetalKit.framework; sourceTree = SDKROOT; };
		1FEF9104224A25F200E8AA35 /* FileUtils.h */ = {isa = PBXFileReference; fileEncoding = 4; lastKnownFileType = sourcecode.c.h; path = FileUtils.h; sourceTree = "<group>"; };
		1FEF9105224A25F200E8AA35 /* FileUtils.cpp */ = {isa = PBXFileReference; fileEncoding = 4; lastKnownFileType = sourcecode.cpp.cpp; path = FileUtils.cpp; sourceTree = "<group>"; };
		1FEF9108224A28CD00E8AA35 /* PointCloud.metal */ = {isa = PBXFileReference; fileEncoding = 4; lastKnownFileType = sourcecode.metal; path = PointCloud.metal; sourceTree = "<group>"; };
		1FEF9109224A28CD00E8AA35 /* Mixer.metal */ = {isa = PBXFileReference; fileEncoding = 4; lastKnownFileType = sourcecode.metal; path = Mixer.metal; sourceTree = "<group>"; };
		1FEF910A224A28CD00E8AA35 /* DepthToJET.metal */ = {isa = PBXFileReference; fileEncoding = 4; lastKnownFileType = sourcecode.metal; path = DepthToJET.metal; sourceTree = "<group>"; };
		1FEF910B224A28CD00E8AA35 /* PassThrough.metal */ = {isa = PBXFileReference; fileEncoding = 4; lastKnownFileType = sourcecode.metal; path = PassThrough.metal; sourceTree = "<group>"; };
		2DFFE048199142E800761886 /* CoreMotion.framework */ = {isa = PBXFileReference; lastKnownFileType = wrapper.framework; name = CoreMotion.framework; path = System/Library/Frameworks/CoreMotion.framework; sourceTree = SDKROOT; };
		431C6F5218455ABD00EDB38B /* AVFoundation.framework */ = {isa = PBXFileReference; lastKnownFileType = wrapper.framework; name = AVFoundation.framework; path = System/Library/Frameworks/AVFoundation.framework; sourceTree = SDKROOT; };
		6F1239071862A59D00BD1D7A /* Accelerate.framework */ = {isa = PBXFileReference; lastKnownFileType = wrapper.framework; name = Accelerate.framework; path = System/Library/Frameworks/Accelerate.framework; sourceTree = SDKROOT; };
		6F1239091862A5D300BD1D7A /* ImageIO.framework */ = {isa = PBXFileReference; lastKnownFileType = wrapper.framework; name = ImageIO.framework; path = System/Library/Frameworks/ImageIO.framework; sourceTree = SDKROOT; };
		6F2B4EDE1865326B00403B8C /* CoreImage.framework */ = {isa = PBXFileReference; lastKnownFileType = wrapper.framework; name = CoreImage.framework; path = System/Library/Frameworks/CoreImage.framework; sourceTree = SDKROOT; };
		6F2B4EE0186532A500403B8C /* CoreMedia.framework */ = {isa = PBXFileReference; lastKnownFileType = wrapper.framework; name = CoreMedia.framework; path = System/Library/Frameworks/CoreMedia.framework; sourceTree = SDKROOT; };
		6F2B4EE2186532CE00403B8C /* CoreVideo.framework */ = {isa = PBXFileReference; lastKnownFileType = wrapper.framework; name = CoreVideo.framework; path = System/Library/Frameworks/CoreVideo.framework; sourceTree = SDKROOT; };
		6F7C0CC017F0EA0500692EC1 /* Foundation.framework */ = {isa = PBXFileReference; lastKnownFileType = wrapper.framework; name = Foundation.framework; path = System/Library/Frameworks/Foundation.framework; sourceTree = SDKROOT; };
		6F7C0CC217F0EA0500692EC1 /* CoreGraphics.framework */ = {isa = PBXFileReference; lastKnownFileType = wrapper.framework; name = CoreGraphics.framework; path = System/Library/Frameworks/CoreGraphics.framework; sourceTree = SDKROOT; };
		6F7C0CC417F0EA0500692EC1 /* UIKit.framework */ = {isa = PBXFileReference; lastKnownFileType = wrapper.framework; name = UIKit.framework; path = System/Library/Frameworks/UIKit.framework; sourceTree = SDKROOT; };
		6F7C0CCA17F0EA0500692EC1 /* BodyFusion-Info.plist */ = {isa = PBXFileReference; lastKnownFileType = text.plist.xml; path = "BodyFusion-Info.plist"; sourceTree = "<group>"; };
		6F7C0CD017F0EA0500692EC1 /* BodyFusion-Prefix.pch */ = {isa = PBXFileReference; lastKnownFileType = sourcecode.c.h; path = "BodyFusion-Prefix.pch"; sourceTree = "<group>"; };
		6F7C0CD117F0EA0500692EC1 /* AppDelegate.h */ = {isa = PBXFileReference; lastKnownFileType = sourcecode.c.h; path = AppDelegate.h; sourceTree = "<group>"; };
		6F7C0CD217F0EA0500692EC1 /* AppDelegate.m */ = {isa = PBXFileReference; lastKnownFileType = sourcecode.c.objc; path = AppDelegate.m; sourceTree = "<group>"; };
		6F7C0CDA17F0EA0500692EC1 /* ViewController.mm */ = {isa = PBXFileReference; lastKnownFileType = sourcecode.cpp.objcpp; path = ViewController.mm; sourceTree = "<group>"; };
		6F7C0CDC17F0EA0500692EC1 /* ViewController.h */ = {isa = PBXFileReference; lastKnownFileType = sourcecode.c.h; path = ViewController.h; sourceTree = "<group>"; };
		6F7C0CDD17F0EA0500692EC1 /* Images.xcassets */ = {isa = PBXFileReference; lastKnownFileType = folder.assetcatalog; path = Images.xcassets; sourceTree = "<group>"; };
		A626D7531A0F93660086B8BF /* Metal.framework */ = {isa = PBXFileReference; lastKnownFileType = wrapper.framework; name = Metal.framework; path = System/Library/Frameworks/Metal.framework; sourceTree = SDKROOT; };
		A626D7641A0F98CF0086B8BF /* LaunchScreen.xib */ = {isa = PBXFileReference; fileEncoding = 4; lastKnownFileType = file.xib; path = LaunchScreen.xib; sourceTree = "<group>"; };
		A626D7671A0F9A220086B8BF /* ImageSourceEngine.cpp */ = {isa = PBXFileReference; fileEncoding = 4; lastKnownFileType = sourcecode.cpp.cpp; path = ImageSourceEngine.cpp; sourceTree = "<group>"; };
		A626D7681A0F9A220086B8BF /* ImageSourceEngine.h */ = {isa = PBXFileReference; fileEncoding = 4; lastKnownFileType = sourcecode.c.h; path = ImageSourceEngine.h; sourceTree = "<group>"; };
		A62ECD2F1BB59B98000CC25D /* Cholesky.h */ = {isa = PBXFileReference; fileEncoding = 4; lastKnownFileType = sourcecode.c.h; path = Cholesky.h; sourceTree = "<group>"; };
		A62ECD311BB59B98000CC25D /* CUDADefines.h */ = {isa = PBXFileReference; fileEncoding = 4; lastKnownFileType = sourcecode.c.h; path = CUDADefines.h; sourceTree = "<group>"; };
		A62ECD321BB59B98000CC25D /* Dummy.cpp */ = {isa = PBXFileReference; fileEncoding = 4; lastKnownFileType = sourcecode.cpp.cpp; path = Dummy.cpp; sourceTree = "<group>"; };
		A62ECD331BB59B98000CC25D /* Image.h */ = {isa = PBXFileReference; fileEncoding = 4; lastKnownFileType = sourcecode.c.h; path = Image.h; sourceTree = "<group>"; };
		A62ECD341BB59B98000CC25D /* LexicalCast.h */ = {isa = PBXFileReference; fileEncoding = 4; lastKnownFileType = sourcecode.c.h; path = LexicalCast.h; sourceTree = "<group>"; };
		A62ECD351BB59B98000CC25D /* MathUtils.h */ = {isa = PBXFileReference; fileEncoding = 4; lastKnownFileType = sourcecode.c.h; path = MathUtils.h; sourceTree = "<group>"; };
		A62ECD361BB59B98000CC25D /* Matrix.h */ = {isa = PBXFileReference; fileEncoding = 4; lastKnownFileType = sourcecode.c.h; path = Matrix.h; sourceTree = "<group>"; };
		A62ECD371BB59B98000CC25D /* MemoryBlock.h */ = {isa = PBXFileReference; fileEncoding = 4; lastKnownFileType = sourcecode.c.h; path = MemoryBlock.h; sourceTree = "<group>"; };
		A62ECD381BB59B98000CC25D /* MemoryBlockPersister.h */ = {isa = PBXFileReference; fileEncoding = 4; lastKnownFileType = sourcecode.c.h; path = MemoryBlockPersister.h; sourceTree = "<group>"; };
		A62ECD391BB59B98000CC25D /* MetalContext.h */ = {isa = PBXFileReference; fileEncoding = 4; lastKnownFileType = sourcecode.c.h; path = MetalContext.h; sourceTree = "<group>"; };
		A62ECD3A1BB59B98000CC25D /* MetalContext.mm */ = {isa = PBXFileReference; fileEncoding = 4; lastKnownFileType = sourcecode.cpp.objcpp; path = MetalContext.mm; sourceTree = "<group>"; };
		A62ECD3B1BB59B98000CC25D /* PlatformIndependence.h */ = {isa = PBXFileReference; fileEncoding = 4; lastKnownFileType = sourcecode.c.h; path = PlatformIndependence.h; sourceTree = "<group>"; };
		A62ECD3C1BB59B98000CC25D /* Vector.h */ = {isa = PBXFileReference; fileEncoding = 4; lastKnownFileType = sourcecode.c.h; path = Vector.h; sourceTree = "<group>"; };
		A62ECD451BB59BAB000CC25D /* ITMColorTracker.h */ = {isa = PBXFileReference; fileEncoding = 4; lastKnownFileType = sourcecode.c.h; path = ITMColorTracker.h; sourceTree = "<group>"; };
		A62ECD461BB59BAB000CC25D /* ITMDepthTracker.h */ = {isa = PBXFileReference; fileEncoding = 4; lastKnownFileType = sourcecode.c.h; path = ITMDepthTracker.h; sourceTree = "<group>"; };
		A62ECD471BB59BAB000CC25D /* ITMLowLevelEngine.h */ = {isa = PBXFileReference; fileEncoding = 4; lastKnownFileType = sourcecode.c.h; path = ITMLowLevelEngine.h; sourceTree = "<group>"; };
		A62ECD481BB59BAB000CC25D /* ITMMeshingEngine.h */ = {isa = PBXFileReference; fileEncoding = 4; lastKnownFileType = sourcecode.c.h; path = ITMMeshingEngine.h; sourceTree = "<group>"; };
		A62ECD491BB59BAB000CC25D /* ITMPixelUtils.h */ = {isa = PBXFileReference; fileEncoding = 4; lastKnownFileType = sourcecode.c.h; path = ITMPixelUtils.h; sourceTree = "<group>"; };
		A62ECD4A1BB59BAB000CC25D /* ITMRenTracker.h */ = {isa = PBXFileReference; fileEncoding = 4; lastKnownFileType = sourcecode.c.h; path = ITMRenTracker.h; sourceTree = "<group>"; };
		A62ECD4B1BB59BAB000CC25D /* ITMRepresentationAccess.h */ = {isa = PBXFileReference; fileEncoding = 4; lastKnownFileType = sourcecode.c.h; path = ITMRepresentationAccess.h; sourceTree = "<group>"; };
		A62ECD4C1BB59BAB000CC25D /* ITMSceneReconstructionEngine.h */ = {isa = PBXFileReference; fileEncoding = 4; lastKnownFileType = sourcecode.c.h; path = ITMSceneReconstructionEngine.h; sourceTree = "<group>"; };
		A62ECD4D1BB59BAB000CC25D /* ITMSwappingEngine.h */ = {isa = PBXFileReference; fileEncoding = 4; lastKnownFileType = sourcecode.c.h; path = ITMSwappingEngine.h; sourceTree = "<group>"; };
		A62ECD4E1BB59BAB000CC25D /* ITMViewBuilder.h */ = {isa = PBXFileReference; fileEncoding = 4; lastKnownFileType = sourcecode.c.h; path = ITMViewBuilder.h; sourceTree = "<group>"; };
		A62ECD4F1BB59BAB000CC25D /* ITMVisualisationEngine.h */ = {isa = PBXFileReference; fileEncoding = 4; lastKnownFileType = sourcecode.c.h; path = ITMVisualisationEngine.h; sourceTree = "<group>"; };
		A62ECD501BB59BAB000CC25D /* ITMWeightedICPTracker.h */ = {isa = PBXFileReference; fileEncoding = 4; lastKnownFileType = sourcecode.c.h; path = ITMWeightedICPTracker.h; sourceTree = "<group>"; };
		A62ECD531BB59BAB000CC25D /* ITMColorTracker_CPU.cpp */ = {isa = PBXFileReference; fileEncoding = 4; lastKnownFileType = sourcecode.cpp.cpp; path = ITMColorTracker_CPU.cpp; sourceTree = "<group>"; };
		A62ECD541BB59BAB000CC25D /* ITMColorTracker_CPU.h */ = {isa = PBXFileReference; fileEncoding = 4; lastKnownFileType = sourcecode.c.h; path = ITMColorTracker_CPU.h; sourceTree = "<group>"; };
		A62ECD551BB59BAB000CC25D /* ITMDepthTracker_CPU.cpp */ = {isa = PBXFileReference; fileEncoding = 4; lastKnownFileType = sourcecode.cpp.cpp; path = ITMDepthTracker_CPU.cpp; sourceTree = "<group>"; };
		A62ECD561BB59BAB000CC25D /* ITMDepthTracker_CPU.h */ = {isa = PBXFileReference; fileEncoding = 4; lastKnownFileType = sourcecode.c.h; path = ITMDepthTracker_CPU.h; sourceTree = "<group>"; };
		A62ECD571BB59BAB000CC25D /* ITMLowLevelEngine_CPU.cpp */ = {isa = PBXFileReference; fileEncoding = 4; lastKnownFileType = sourcecode.cpp.cpp; path = ITMLowLevelEngine_CPU.cpp; sourceTree = "<group>"; };
		A62ECD581BB59BAB000CC25D /* ITMLowLevelEngine_CPU.h */ = {isa = PBXFileReference; fileEncoding = 4; lastKnownFileType = sourcecode.c.h; path = ITMLowLevelEngine_CPU.h; sourceTree = "<group>"; };
		A62ECD591BB59BAB000CC25D /* ITMMeshingEngine_CPU.cpp */ = {isa = PBXFileReference; fileEncoding = 4; lastKnownFileType = sourcecode.cpp.cpp; path = ITMMeshingEngine_CPU.cpp; sourceTree = "<group>"; };
		A62ECD5A1BB59BAB000CC25D /* ITMMeshingEngine_CPU.h */ = {isa = PBXFileReference; fileEncoding = 4; lastKnownFileType = sourcecode.c.h; path = ITMMeshingEngine_CPU.h; sourceTree = "<group>"; };
		A62ECD5B1BB59BAB000CC25D /* ITMRenTracker_CPU.cpp */ = {isa = PBXFileReference; fileEncoding = 4; lastKnownFileType = sourcecode.cpp.cpp; path = ITMRenTracker_CPU.cpp; sourceTree = "<group>"; };
		A62ECD5C1BB59BAB000CC25D /* ITMRenTracker_CPU.h */ = {isa = PBXFileReference; fileEncoding = 4; lastKnownFileType = sourcecode.c.h; path = ITMRenTracker_CPU.h; sourceTree = "<group>"; };
		A62ECD5D1BB59BAB000CC25D /* ITMSceneReconstructionEngine_CPU.cpp */ = {isa = PBXFileReference; fileEncoding = 4; lastKnownFileType = sourcecode.cpp.cpp; path = ITMSceneReconstructionEngine_CPU.cpp; sourceTree = "<group>"; };
		A62ECD5E1BB59BAB000CC25D /* ITMSceneReconstructionEngine_CPU.h */ = {isa = PBXFileReference; fileEncoding = 4; lastKnownFileType = sourcecode.c.h; path = ITMSceneReconstructionEngine_CPU.h; sourceTree = "<group>"; };
		A62ECD5F1BB59BAB000CC25D /* ITMSwappingEngine_CPU.cpp */ = {isa = PBXFileReference; fileEncoding = 4; lastKnownFileType = sourcecode.cpp.cpp; path = ITMSwappingEngine_CPU.cpp; sourceTree = "<group>"; };
		A62ECD601BB59BAB000CC25D /* ITMSwappingEngine_CPU.h */ = {isa = PBXFileReference; fileEncoding = 4; lastKnownFileType = sourcecode.c.h; path = ITMSwappingEngine_CPU.h; sourceTree = "<group>"; };
		A62ECD611BB59BAB000CC25D /* ITMViewBuilder_CPU.cpp */ = {isa = PBXFileReference; fileEncoding = 4; lastKnownFileType = sourcecode.cpp.cpp; path = ITMViewBuilder_CPU.cpp; sourceTree = "<group>"; };
		A62ECD621BB59BAB000CC25D /* ITMViewBuilder_CPU.h */ = {isa = PBXFileReference; fileEncoding = 4; lastKnownFileType = sourcecode.c.h; path = ITMViewBuilder_CPU.h; sourceTree = "<group>"; };
		A62ECD631BB59BAB000CC25D /* ITMVisualisationEngine_CPU.cpp */ = {isa = PBXFileReference; fileEncoding = 4; lastKnownFileType = sourcecode.cpp.cpp; path = ITMVisualisationEngine_CPU.cpp; sourceTree = "<group>"; };
		A62ECD641BB59BAB000CC25D /* ITMVisualisationEngine_CPU.h */ = {isa = PBXFileReference; fileEncoding = 4; lastKnownFileType = sourcecode.c.h; path = ITMVisualisationEngine_CPU.h; sourceTree = "<group>"; };
		A62ECD651BB59BAB000CC25D /* ITMWeightedICPTracker_CPU.cpp */ = {isa = PBXFileReference; fileEncoding = 4; lastKnownFileType = sourcecode.cpp.cpp; path = ITMWeightedICPTracker_CPU.cpp; sourceTree = "<group>"; };
		A62ECD661BB59BAB000CC25D /* ITMWeightedICPTracker_CPU.h */ = {isa = PBXFileReference; fileEncoding = 4; lastKnownFileType = sourcecode.c.h; path = ITMWeightedICPTracker_CPU.h; sourceTree = "<group>"; };
		A62ECD681BB59BAB000CC25D /* ITMColorTracker_CUDA.cu */ = {isa = PBXFileReference; fileEncoding = 4; lastKnownFileType = text; path = ITMColorTracker_CUDA.cu; sourceTree = "<group>"; };
		A62ECD691BB59BAB000CC25D /* ITMColorTracker_CUDA.h */ = {isa = PBXFileReference; fileEncoding = 4; lastKnownFileType = sourcecode.c.h; path = ITMColorTracker_CUDA.h; sourceTree = "<group>"; };
		A62ECD6A1BB59BAB000CC25D /* ITMCUDAUtils.h */ = {isa = PBXFileReference; fileEncoding = 4; lastKnownFileType = sourcecode.c.h; path = ITMCUDAUtils.h; sourceTree = "<group>"; };
		A62ECD6B1BB59BAB000CC25D /* ITMDepthTracker_CUDA.cu */ = {isa = PBXFileReference; fileEncoding = 4; lastKnownFileType = text; path = ITMDepthTracker_CUDA.cu; sourceTree = "<group>"; };
		A62ECD6C1BB59BAB000CC25D /* ITMDepthTracker_CUDA.h */ = {isa = PBXFileReference; fileEncoding = 4; lastKnownFileType = sourcecode.c.h; path = ITMDepthTracker_CUDA.h; sourceTree = "<group>"; };
		A62ECD6D1BB59BAB000CC25D /* ITMLowLevelEngine_CUDA.cu */ = {isa = PBXFileReference; fileEncoding = 4; lastKnownFileType = text; path = ITMLowLevelEngine_CUDA.cu; sourceTree = "<group>"; };
		A62ECD6E1BB59BAC000CC25D /* ITMLowLevelEngine_CUDA.h */ = {isa = PBXFileReference; fileEncoding = 4; lastKnownFileType = sourcecode.c.h; path = ITMLowLevelEngine_CUDA.h; sourceTree = "<group>"; };
		A62ECD6F1BB59BAC000CC25D /* ITMMeshingEngine_CUDA.cu */ = {isa = PBXFileReference; fileEncoding = 4; lastKnownFileType = text; path = ITMMeshingEngine_CUDA.cu; sourceTree = "<group>"; };
		A62ECD701BB59BAC000CC25D /* ITMMeshingEngine_CUDA.h */ = {isa = PBXFileReference; fileEncoding = 4; lastKnownFileType = sourcecode.c.h; path = ITMMeshingEngine_CUDA.h; sourceTree = "<group>"; };
		A62ECD711BB59BAC000CC25D /* ITMRenTracker_CUDA.cu */ = {isa = PBXFileReference; fileEncoding = 4; lastKnownFileType = text; path = ITMRenTracker_CUDA.cu; sourceTree = "<group>"; };
		A62ECD721BB59BAC000CC25D /* ITMRenTracker_CUDA.h */ = {isa = PBXFileReference; fileEncoding = 4; lastKnownFileType = sourcecode.c.h; path = ITMRenTracker_CUDA.h; sourceTree = "<group>"; };
		A62ECD731BB59BAC000CC25D /* ITMSceneReconstructionEngine_CUDA.cu */ = {isa = PBXFileReference; fileEncoding = 4; lastKnownFileType = text; path = ITMSceneReconstructionEngine_CUDA.cu; sourceTree = "<group>"; };
		A62ECD741BB59BAC000CC25D /* ITMSceneReconstructionEngine_CUDA.h */ = {isa = PBXFileReference; fileEncoding = 4; lastKnownFileType = sourcecode.c.h; path = ITMSceneReconstructionEngine_CUDA.h; sourceTree = "<group>"; };
		A62ECD751BB59BAC000CC25D /* ITMSwappingEngine_CUDA.cu */ = {isa = PBXFileReference; fileEncoding = 4; lastKnownFileType = text; path = ITMSwappingEngine_CUDA.cu; sourceTree = "<group>"; };
		A62ECD761BB59BAC000CC25D /* ITMSwappingEngine_CUDA.h */ = {isa = PBXFileReference; fileEncoding = 4; lastKnownFileType = sourcecode.c.h; path = ITMSwappingEngine_CUDA.h; sourceTree = "<group>"; };
		A62ECD771BB59BAC000CC25D /* ITMViewBuilder_CUDA.cu */ = {isa = PBXFileReference; fileEncoding = 4; lastKnownFileType = text; path = ITMViewBuilder_CUDA.cu; sourceTree = "<group>"; };
		A62ECD781BB59BAC000CC25D /* ITMViewBuilder_CUDA.h */ = {isa = PBXFileReference; fileEncoding = 4; lastKnownFileType = sourcecode.c.h; path = ITMViewBuilder_CUDA.h; sourceTree = "<group>"; };
		A62ECD791BB59BAC000CC25D /* ITMVisualisationEngine_CUDA.cu */ = {isa = PBXFileReference; fileEncoding = 4; lastKnownFileType = text; path = ITMVisualisationEngine_CUDA.cu; sourceTree = "<group>"; };
		A62ECD7A1BB59BAC000CC25D /* ITMVisualisationEngine_CUDA.h */ = {isa = PBXFileReference; fileEncoding = 4; lastKnownFileType = sourcecode.c.h; path = ITMVisualisationEngine_CUDA.h; sourceTree = "<group>"; };
		A62ECD7B1BB59BAC000CC25D /* ITMWeightedICPTracker_CUDA.cu */ = {isa = PBXFileReference; fileEncoding = 4; lastKnownFileType = text; path = ITMWeightedICPTracker_CUDA.cu; sourceTree = "<group>"; };
		A62ECD7C1BB59BAC000CC25D /* ITMWeightedICPTracker_CUDA.h */ = {isa = PBXFileReference; fileEncoding = 4; lastKnownFileType = sourcecode.c.h; path = ITMWeightedICPTracker_CUDA.h; sourceTree = "<group>"; };
		A62ECD7E1BB59BAC000CC25D /* ITMColorTracker.metal */ = {isa = PBXFileReference; fileEncoding = 4; lastKnownFileType = sourcecode.metal; path = ITMColorTracker.metal; sourceTree = "<group>"; };
		A62ECD7F1BB59BAC000CC25D /* ITMColorTracker_Metal.h */ = {isa = PBXFileReference; fileEncoding = 4; lastKnownFileType = sourcecode.c.h; path = ITMColorTracker_Metal.h; sourceTree = "<group>"; };
		A62ECD801BB59BAC000CC25D /* ITMColorTracker_Metal.mm */ = {isa = PBXFileReference; fileEncoding = 4; lastKnownFileType = sourcecode.cpp.objcpp; path = ITMColorTracker_Metal.mm; sourceTree = "<group>"; };
		A62ECD811BB59BAC000CC25D /* ITMDepthTracker.metal */ = {isa = PBXFileReference; fileEncoding = 4; lastKnownFileType = sourcecode.metal; path = ITMDepthTracker.metal; sourceTree = "<group>"; };
		A62ECD821BB59BAC000CC25D /* ITMDepthTracker_Metal.h */ = {isa = PBXFileReference; fileEncoding = 4; lastKnownFileType = sourcecode.c.h; path = ITMDepthTracker_Metal.h; sourceTree = "<group>"; };
		A62ECD831BB59BAC000CC25D /* ITMDepthTracker_Metal.mm */ = {isa = PBXFileReference; fileEncoding = 4; lastKnownFileType = sourcecode.cpp.objcpp; path = ITMDepthTracker_Metal.mm; sourceTree = "<group>"; };
		A62ECD841BB59BAC000CC25D /* ITMLowLevelEngine.metal */ = {isa = PBXFileReference; fileEncoding = 4; lastKnownFileType = sourcecode.metal; path = ITMLowLevelEngine.metal; sourceTree = "<group>"; };
		A62ECD851BB59BAC000CC25D /* ITMLowLevelEngine_Metal.h */ = {isa = PBXFileReference; fileEncoding = 4; lastKnownFileType = sourcecode.c.h; path = ITMLowLevelEngine_Metal.h; sourceTree = "<group>"; };
		A62ECD861BB59BAC000CC25D /* ITMLowLevelEngine_Metal.mm */ = {isa = PBXFileReference; fileEncoding = 4; lastKnownFileType = sourcecode.cpp.objcpp; path = ITMLowLevelEngine_Metal.mm; sourceTree = "<group>"; };
		A62ECD871BB59BAC000CC25D /* ITMRenTracker.metal */ = {isa = PBXFileReference; fileEncoding = 4; lastKnownFileType = sourcecode.metal; path = ITMRenTracker.metal; sourceTree = "<group>"; };
		A62ECD881BB59BAC000CC25D /* ITMRenTracker_Metal.h */ = {isa = PBXFileReference; fileEncoding = 4; lastKnownFileType = sourcecode.c.h; path = ITMRenTracker_Metal.h; sourceTree = "<group>"; };
		A62ECD891BB59BAC000CC25D /* ITMRenTracker_Metal.mm */ = {isa = PBXFileReference; fileEncoding = 4; lastKnownFileType = sourcecode.cpp.objcpp; path = ITMRenTracker_Metal.mm; sourceTree = "<group>"; };
		A62ECD8A1BB59BAC000CC25D /* ITMSceneReconstructionEngine.metal */ = {isa = PBXFileReference; fileEncoding = 4; lastKnownFileType = sourcecode.metal; path = ITMSceneReconstructionEngine.metal; sourceTree = "<group>"; };
		A62ECD8B1BB59BAC000CC25D /* ITMSceneReconstructionEngine_Metal.h */ = {isa = PBXFileReference; fileEncoding = 4; lastKnownFileType = sourcecode.c.h; path = ITMSceneReconstructionEngine_Metal.h; sourceTree = "<group>"; };
		A62ECD8C1BB59BAC000CC25D /* ITMSceneReconstructionEngine_Metal.mm */ = {isa = PBXFileReference; fileEncoding = 4; lastKnownFileType = sourcecode.cpp.objcpp; path = ITMSceneReconstructionEngine_Metal.mm; sourceTree = "<group>"; };
		A62ECD8D1BB59BAC000CC25D /* ITMSwappingEngine.metal */ = {isa = PBXFileReference; fileEncoding = 4; lastKnownFileType = sourcecode.metal; path = ITMSwappingEngine.metal; sourceTree = "<group>"; };
		A62ECD8E1BB59BAC000CC25D /* ITMSwappingEngine_Metal.h */ = {isa = PBXFileReference; fileEncoding = 4; lastKnownFileType = sourcecode.c.h; path = ITMSwappingEngine_Metal.h; sourceTree = "<group>"; };
		A62ECD8F1BB59BAC000CC25D /* ITMSwappingEngine_Metal.mm */ = {isa = PBXFileReference; fileEncoding = 4; lastKnownFileType = sourcecode.cpp.objcpp; path = ITMSwappingEngine_Metal.mm; sourceTree = "<group>"; };
		A62ECD901BB59BAC000CC25D /* ITMViewBuilder.metal */ = {isa = PBXFileReference; fileEncoding = 4; lastKnownFileType = sourcecode.metal; path = ITMViewBuilder.metal; sourceTree = "<group>"; };
		A62ECD911BB59BAC000CC25D /* ITMViewBuilder_Metal.h */ = {isa = PBXFileReference; fileEncoding = 4; lastKnownFileType = sourcecode.c.h; path = ITMViewBuilder_Metal.h; sourceTree = "<group>"; };
		A62ECD921BB59BAC000CC25D /* ITMViewBuilder_Metal.mm */ = {isa = PBXFileReference; fileEncoding = 4; lastKnownFileType = sourcecode.cpp.objcpp; path = ITMViewBuilder_Metal.mm; sourceTree = "<group>"; };
		A62ECD931BB59BAC000CC25D /* ITMVisualisationEngine.metal */ = {isa = PBXFileReference; fileEncoding = 4; lastKnownFileType = sourcecode.metal; path = ITMVisualisationEngine.metal; sourceTree = "<group>"; };
		A62ECD941BB59BAC000CC25D /* ITMVisualisationEngine_Metal.h */ = {isa = PBXFileReference; fileEncoding = 4; lastKnownFileType = sourcecode.c.h; path = ITMVisualisationEngine_Metal.h; sourceTree = "<group>"; };
		A62ECD951BB59BAC000CC25D /* ITMVisualisationEngine_Metal.mm */ = {isa = PBXFileReference; fileEncoding = 4; lastKnownFileType = sourcecode.cpp.objcpp; path = ITMVisualisationEngine_Metal.mm; sourceTree = "<group>"; };
		A62ECD961BB59BAC000CC25D /* ITMColorTracker.cpp */ = {isa = PBXFileReference; fileEncoding = 4; lastKnownFileType = sourcecode.cpp.cpp; path = ITMColorTracker.cpp; sourceTree = "<group>"; };
		A62ECD971BB59BAC000CC25D /* ITMColorTracker.h */ = {isa = PBXFileReference; fileEncoding = 4; lastKnownFileType = sourcecode.c.h; path = ITMColorTracker.h; sourceTree = "<group>"; };
		A62ECD981BB59BAC000CC25D /* ITMCompositeTracker.h */ = {isa = PBXFileReference; fileEncoding = 4; lastKnownFileType = sourcecode.c.h; path = ITMCompositeTracker.h; sourceTree = "<group>"; };
		A62ECD991BB59BAC000CC25D /* ITMDenseMapper.cpp */ = {isa = PBXFileReference; fileEncoding = 4; lastKnownFileType = sourcecode.cpp.cpp; path = ITMDenseMapper.cpp; sourceTree = "<group>"; };
		A62ECD9A1BB59BAC000CC25D /* ITMDenseMapper.h */ = {isa = PBXFileReference; fileEncoding = 4; lastKnownFileType = sourcecode.c.h; path = ITMDenseMapper.h; sourceTree = "<group>"; };
		A62ECD9B1BB59BAC000CC25D /* ITMDepthTracker.cpp */ = {isa = PBXFileReference; fileEncoding = 4; lastKnownFileType = sourcecode.cpp.cpp; path = ITMDepthTracker.cpp; sourceTree = "<group>"; };
		A62ECD9C1BB59BAC000CC25D /* ITMDepthTracker.h */ = {isa = PBXFileReference; fileEncoding = 4; lastKnownFileType = sourcecode.c.h; path = ITMDepthTracker.h; sourceTree = "<group>"; };
		A62ECD9D1BB59BAC000CC25D /* ITMIMUCalibrator.h */ = {isa = PBXFileReference; fileEncoding = 4; lastKnownFileType = sourcecode.c.h; path = ITMIMUCalibrator.h; sourceTree = "<group>"; };
		A62ECD9E1BB59BAC000CC25D /* ITMIMUTracker.cpp */ = {isa = PBXFileReference; fileEncoding = 4; lastKnownFileType = sourcecode.cpp.cpp; path = ITMIMUTracker.cpp; sourceTree = "<group>"; };
		A62ECD9F1BB59BAC000CC25D /* ITMIMUTracker.h */ = {isa = PBXFileReference; fileEncoding = 4; lastKnownFileType = sourcecode.c.h; path = ITMIMUTracker.h; sourceTree = "<group>"; };
		A62ECDA01BB59BAC000CC25D /* ITMLowLevelEngine.h */ = {isa = PBXFileReference; fileEncoding = 4; lastKnownFileType = sourcecode.c.h; path = ITMLowLevelEngine.h; sourceTree = "<group>"; };
		A62ECDA11BB59BAC000CC25D /* ITMMainEngine.cpp */ = {isa = PBXFileReference; fileEncoding = 4; lastKnownFileType = sourcecode.cpp.cpp; path = ITMMainEngine.cpp; sourceTree = "<group>"; };
		A62ECDA21BB59BAC000CC25D /* ITMMainEngine.h */ = {isa = PBXFileReference; fileEncoding = 4; lastKnownFileType = sourcecode.c.h; path = ITMMainEngine.h; sourceTree = "<group>"; };
		A62ECDA31BB59BAC000CC25D /* ITMMeshingEngine.h */ = {isa = PBXFileReference; fileEncoding = 4; lastKnownFileType = sourcecode.c.h; path = ITMMeshingEngine.h; sourceTree = "<group>"; };
		A62ECDA41BB59BAC000CC25D /* ITMRenTracker.cpp */ = {isa = PBXFileReference; fileEncoding = 4; lastKnownFileType = sourcecode.cpp.cpp; path = ITMRenTracker.cpp; sourceTree = "<group>"; };
		A62ECDA51BB59BAC000CC25D /* ITMRenTracker.h */ = {isa = PBXFileReference; fileEncoding = 4; lastKnownFileType = sourcecode.c.h; path = ITMRenTracker.h; sourceTree = "<group>"; };
		A62ECDA61BB59BAC000CC25D /* ITMSceneReconstructionEngine.h */ = {isa = PBXFileReference; fileEncoding = 4; lastKnownFileType = sourcecode.c.h; path = ITMSceneReconstructionEngine.h; sourceTree = "<group>"; };
		A62ECDA71BB59BAC000CC25D /* ITMSwappingEngine.h */ = {isa = PBXFileReference; fileEncoding = 4; lastKnownFileType = sourcecode.c.h; path = ITMSwappingEngine.h; sourceTree = "<group>"; };
		A62ECDA81BB59BAC000CC25D /* ITMTracker.h */ = {isa = PBXFileReference; fileEncoding = 4; lastKnownFileType = sourcecode.c.h; path = ITMTracker.h; sourceTree = "<group>"; };
		A62ECDA91BB59BAC000CC25D /* ITMTrackerFactory.cpp */ = {isa = PBXFileReference; fileEncoding = 4; lastKnownFileType = sourcecode.cpp.cpp; path = ITMTrackerFactory.cpp; sourceTree = "<group>"; };
		A62ECDAA1BB59BAC000CC25D /* ITMTrackerFactory.h */ = {isa = PBXFileReference; fileEncoding = 4; lastKnownFileType = sourcecode.c.h; path = ITMTrackerFactory.h; sourceTree = "<group>"; };
		A62ECDAB1BB59BAC000CC25D /* ITMTrackingController.cpp */ = {isa = PBXFileReference; fileEncoding = 4; lastKnownFileType = sourcecode.cpp.cpp; path = ITMTrackingController.cpp; sourceTree = "<group>"; };
		A62ECDAC1BB59BAC000CC25D /* ITMTrackingController.h */ = {isa = PBXFileReference; fileEncoding = 4; lastKnownFileType = sourcecode.c.h; path = ITMTrackingController.h; sourceTree = "<group>"; };
		A62ECDAD1BB59BAC000CC25D /* ITMViewBuilder.h */ = {isa = PBXFileReference; fileEncoding = 4; lastKnownFileType = sourcecode.c.h; path = ITMViewBuilder.h; sourceTree = "<group>"; };
		A62ECDAE1BB59BAC000CC25D /* ITMVisualisationEngine.cpp */ = {isa = PBXFileReference; fileEncoding = 4; lastKnownFileType = sourcecode.cpp.cpp; path = ITMVisualisationEngine.cpp; sourceTree = "<group>"; };
		A62ECDAF1BB59BAC000CC25D /* ITMVisualisationEngine.h */ = {isa = PBXFileReference; fileEncoding = 4; lastKnownFileType = sourcecode.c.h; path = ITMVisualisationEngine.h; sourceTree = "<group>"; };
		A62ECDB01BB59BAC000CC25D /* ITMWeightedICPTracker.cpp */ = {isa = PBXFileReference; fileEncoding = 4; lastKnownFileType = sourcecode.cpp.cpp; path = ITMWeightedICPTracker.cpp; sourceTree = "<group>"; };
		A62ECDB11BB59BAC000CC25D /* ITMWeightedICPTracker.h */ = {isa = PBXFileReference; fileEncoding = 4; lastKnownFileType = sourcecode.c.h; path = ITMWeightedICPTracker.h; sourceTree = "<group>"; };
		A62ECDB21BB59BAC000CC25D /* ITMLib.h */ = {isa = PBXFileReference; fileEncoding = 4; lastKnownFileType = sourcecode.c.h; path = ITMLib.h; sourceTree = "<group>"; };
		A62ECDB41BB59BAC000CC25D /* ITMDisparityCalib.h */ = {isa = PBXFileReference; fileEncoding = 4; lastKnownFileType = sourcecode.c.h; path = ITMDisparityCalib.h; sourceTree = "<group>"; };
		A62ECDB51BB59BAC000CC25D /* ITMExtrinsics.h */ = {isa = PBXFileReference; fileEncoding = 4; lastKnownFileType = sourcecode.c.h; path = ITMExtrinsics.h; sourceTree = "<group>"; };
		A62ECDB61BB59BAC000CC25D /* ITMGlobalCache.h */ = {isa = PBXFileReference; fileEncoding = 4; lastKnownFileType = sourcecode.c.h; path = ITMGlobalCache.h; sourceTree = "<group>"; };
		A62ECDB71BB59BAC000CC25D /* ITMImageHierarchy.h */ = {isa = PBXFileReference; fileEncoding = 4; lastKnownFileType = sourcecode.c.h; path = ITMImageHierarchy.h; sourceTree = "<group>"; };
		A62ECDB81BB59BAC000CC25D /* ITMIMUMeasurement.h */ = {isa = PBXFileReference; fileEncoding = 4; lastKnownFileType = sourcecode.c.h; path = ITMIMUMeasurement.h; sourceTree = "<group>"; };
		A62ECDB91BB59BAC000CC25D /* ITMIntrinsics.h */ = {isa = PBXFileReference; fileEncoding = 4; lastKnownFileType = sourcecode.c.h; path = ITMIntrinsics.h; sourceTree = "<group>"; };
		A62ECDBA1BB59BAC000CC25D /* ITMLocalVBA.h */ = {isa = PBXFileReference; fileEncoding = 4; lastKnownFileType = sourcecode.c.h; path = ITMLocalVBA.h; sourceTree = "<group>"; };
		A62ECDBB1BB59BAC000CC25D /* ITMMesh.h */ = {isa = PBXFileReference; fileEncoding = 4; lastKnownFileType = sourcecode.c.h; path = ITMMesh.h; sourceTree = "<group>"; };
		A62ECDBC1BB59BAC000CC25D /* ITMPlainVoxelArray.h */ = {isa = PBXFileReference; fileEncoding = 4; lastKnownFileType = sourcecode.c.h; path = ITMPlainVoxelArray.h; sourceTree = "<group>"; };
		A62ECDBD1BB59BAC000CC25D /* ITMPointCloud.h */ = {isa = PBXFileReference; fileEncoding = 4; lastKnownFileType = sourcecode.c.h; path = ITMPointCloud.h; sourceTree = "<group>"; };
		A62ECDBE1BB59BAC000CC25D /* ITMPose.cpp */ = {isa = PBXFileReference; fileEncoding = 4; lastKnownFileType = sourcecode.cpp.cpp; path = ITMPose.cpp; sourceTree = "<group>"; };
		A62ECDBF1BB59BAC000CC25D /* ITMPose.h */ = {isa = PBXFileReference; fileEncoding = 4; lastKnownFileType = sourcecode.c.h; path = ITMPose.h; sourceTree = "<group>"; };
		A62ECDC01BB59BAC000CC25D /* ITMRenderState.h */ = {isa = PBXFileReference; fileEncoding = 4; lastKnownFileType = sourcecode.c.h; path = ITMRenderState.h; sourceTree = "<group>"; };
		A62ECDC11BB59BAC000CC25D /* ITMRenderState_VH.h */ = {isa = PBXFileReference; fileEncoding = 4; lastKnownFileType = sourcecode.c.h; path = ITMRenderState_VH.h; sourceTree = "<group>"; };
		A62ECDC21BB59BAC000CC25D /* ITMRGBDCalib.h */ = {isa = PBXFileReference; fileEncoding = 4; lastKnownFileType = sourcecode.c.h; path = ITMRGBDCalib.h; sourceTree = "<group>"; };
		A62ECDC31BB59BAC000CC25D /* ITMScene.h */ = {isa = PBXFileReference; fileEncoding = 4; lastKnownFileType = sourcecode.c.h; path = ITMScene.h; sourceTree = "<group>"; };
		A62ECDC41BB59BAC000CC25D /* ITMSceneHierarchyLevel.h */ = {isa = PBXFileReference; fileEncoding = 4; lastKnownFileType = sourcecode.c.h; path = ITMSceneHierarchyLevel.h; sourceTree = "<group>"; };
		A62ECDC51BB59BAC000CC25D /* ITMSceneParams.h */ = {isa = PBXFileReference; fileEncoding = 4; lastKnownFileType = sourcecode.c.h; path = ITMSceneParams.h; sourceTree = "<group>"; };
		A62ECDC61BB59BAC000CC25D /* ITMTemplatedHierarchyLevel.h */ = {isa = PBXFileReference; fileEncoding = 4; lastKnownFileType = sourcecode.c.h; path = ITMTemplatedHierarchyLevel.h; sourceTree = "<group>"; };
		A62ECDC71BB59BAC000CC25D /* ITMTrackingState.h */ = {isa = PBXFileReference; fileEncoding = 4; lastKnownFileType = sourcecode.c.h; path = ITMTrackingState.h; sourceTree = "<group>"; };
		A62ECDC81BB59BAC000CC25D /* ITMView.h */ = {isa = PBXFileReference; fileEncoding = 4; lastKnownFileType = sourcecode.c.h; path = ITMView.h; sourceTree = "<group>"; };
		A62ECDC91BB59BAC000CC25D /* ITMViewHierarchyLevel.h */ = {isa = PBXFileReference; fileEncoding = 4; lastKnownFileType = sourcecode.c.h; path = ITMViewHierarchyLevel.h; sourceTree = "<group>"; };
		A62ECDCA1BB59BAC000CC25D /* ITMViewIMU.h */ = {isa = PBXFileReference; fileEncoding = 4; lastKnownFileType = sourcecode.c.h; path = ITMViewIMU.h; sourceTree = "<group>"; };
		A62ECDCB1BB59BAC000CC25D /* ITMVoxelBlockHash.h */ = {isa = PBXFileReference; fileEncoding = 4; lastKnownFileType = sourcecode.c.h; path = ITMVoxelBlockHash.h; sourceTree = "<group>"; };
		A62ECDCD1BB59BAC000CC25D /* ITMCalibIO.cpp */ = {isa = PBXFileReference; fileEncoding = 4; lastKnownFileType = sourcecode.cpp.cpp; path = ITMCalibIO.cpp; sourceTree = "<group>"; };
		A62ECDCE1BB59BAC000CC25D /* ITMCalibIO.h */ = {isa = PBXFileReference; fileEncoding = 4; lastKnownFileType = sourcecode.c.h; path = ITMCalibIO.h; sourceTree = "<group>"; };
		A62ECDCF1BB59BAC000CC25D /* ITMLibDefines.h */ = {isa = PBXFileReference; fileEncoding = 4; lastKnownFileType = sourcecode.c.h; path = ITMLibDefines.h; sourceTree = "<group>"; };
		A62ECDD01BB59BAC000CC25D /* ITMLibSettings.cpp */ = {isa = PBXFileReference; fileEncoding = 4; lastKnownFileType = sourcecode.cpp.cpp; path = ITMLibSettings.cpp; sourceTree = "<group>"; };
		A62ECDD11BB59BAC000CC25D /* ITMLibSettings.h */ = {isa = PBXFileReference; fileEncoding = 4; lastKnownFileType = sourcecode.c.h; path = ITMLibSettings.h; sourceTree = "<group>"; };
		A62ECDD21BB59BAC000CC25D /* ITMMath.h */ = {isa = PBXFileReference; fileEncoding = 4; lastKnownFileType = sourcecode.c.h; path = ITMMath.h; sourceTree = "<group>"; };
		A65A33E71A7BABA200F65FA2 /* IMUSourceEngine.cpp */ = {isa = PBXFileReference; fileEncoding = 4; lastKnownFileType = sourcecode.cpp.cpp; path = IMUSourceEngine.cpp; sourceTree = "<group>"; };
		A65A33E81A7BABA200F65FA2 /* IMUSourceEngine.h */ = {isa = PBXFileReference; fileEncoding = 4; lastKnownFileType = sourcecode.c.h; path = IMUSourceEngine.h; sourceTree = "<group>"; };
		A6CA7EF81A0FDE0C0070848F /* Main.storyboard */ = {isa = PBXFileReference; fileEncoding = 4; lastKnownFileType = file.storyboard; path = Main.storyboard; sourceTree = "<group>"; };
/* End PBXFileReference section */

/* Begin PBXFrameworksBuildPhase section */
		1FA62D25221C59540064E62B /* Frameworks */ = {
			isa = PBXFrameworksBuildPhase;
			buildActionMask = 2147483647;
			files = (
				1FEF9102224A246C00E8AA35 /* MetalKit.framework in Frameworks */,
				1FA62D27221C59540064E62B /* Metal.framework in Frameworks */,
				1FA62D28221C59540064E62B /* CoreMotion.framework in Frameworks */,
				1FA62D29221C59540064E62B /* QuartzCore.framework in Frameworks */,
				1FA62D2A221C59540064E62B /* Foundation.framework in Frameworks */,
				1FA62D2B221C59540064E62B /* AVFoundation.framework in Frameworks */,
				1FA62D2C221C59540064E62B /* Accelerate.framework in Frameworks */,
				1FA62D2E221C59540064E62B /* ImageIO.framework in Frameworks */,
				1FA62D2F221C59540064E62B /* CoreMedia.framework in Frameworks */,
				1FA62D30221C59540064E62B /* CoreGraphics.framework in Frameworks */,
				1FA62D31221C59540064E62B /* CoreImage.framework in Frameworks */,
				1FA62D32221C59540064E62B /* CoreVideo.framework in Frameworks */,
				1FA62D33221C59540064E62B /* UIKit.framework in Frameworks */,
			);
			runOnlyForDeploymentPostprocessing = 0;
		};
/* End PBXFrameworksBuildPhase section */

/* Begin PBXGroup section */
		1FEF90FA224A220100E8AA35 /* PointCloud */ = {
			isa = PBXGroup;
			children = (
				1F41288622549ABE00ADB6D0 /* PointCloudViewController.h */,
				1F41288722549ABE00ADB6D0 /* PointCloudViewController.m */,
				1FEF90FB224A220100E8AA35 /* PointCloudMetalView.h */,
				1FEF90FC224A220100E8AA35 /* AAPLTransforms.mm */,
				1FEF90FD224A220100E8AA35 /* AAPLTransforms.h */,
				1FEF90FE224A220100E8AA35 /* PointCloudMetalView.mm */,
			);
			path = PointCloud;
			sourceTree = "<group>";
		};
		1FEF9103224A25F200E8AA35 /* Utils */ = {
			isa = PBXGroup;
			children = (
				1FEF9104224A25F200E8AA35 /* FileUtils.h */,
				1FEF9105224A25F200E8AA35 /* FileUtils.cpp */,
			);
			path = Utils;
			sourceTree = "<group>";
		};
		1FEF9107224A28CD00E8AA35 /* Shaders */ = {
			isa = PBXGroup;
			children = (
				1FEF9108224A28CD00E8AA35 /* PointCloud.metal */,
				1FEF9109224A28CD00E8AA35 /* Mixer.metal */,
				1FEF910A224A28CD00E8AA35 /* DepthToJET.metal */,
				1FEF910B224A28CD00E8AA35 /* PassThrough.metal */,
			);
			path = Shaders;
			sourceTree = "<group>";
		};
		6F7C0CB417F0EA0500692EC1 = {
			isa = PBXGroup;
			children = (
				6F7C0CC817F0EA0500692EC1 /* Main */,
				6F7C0CBF17F0EA0500692EC1 /* Frameworks */,
				6F7C0CBE17F0EA0500692EC1 /* Products */,
			);
			sourceTree = "<group>";
		};
		6F7C0CBE17F0EA0500692EC1 /* Products */ = {
			isa = PBXGroup;
			children = (
				1FA62D4A221C59540064E62B /* BodyFusion.app */,
			);
			name = Products;
			sourceTree = "<group>";
		};
		6F7C0CBF17F0EA0500692EC1 /* Frameworks */ = {
			isa = PBXGroup;
			children = (
				1FEF9101224A246C00E8AA35 /* MetalKit.framework */,
				A626D7531A0F93660086B8BF /* Metal.framework */,
				2DFFE048199142E800761886 /* CoreMotion.framework */,
				01FAFAF11964A14700BF040D /* QuartzCore.framework */,
				6F7C0CC017F0EA0500692EC1 /* Foundation.framework */,
				431C6F5218455ABD00EDB38B /* AVFoundation.framework */,
				6F1239071862A59D00BD1D7A /* Accelerate.framework */,
				6F1239091862A5D300BD1D7A /* ImageIO.framework */,
				6F2B4EE0186532A500403B8C /* CoreMedia.framework */,
				6F7C0CC217F0EA0500692EC1 /* CoreGraphics.framework */,
				6F2B4EDE1865326B00403B8C /* CoreImage.framework */,
				6F2B4EE2186532CE00403B8C /* CoreVideo.framework */,
				6F7C0CC417F0EA0500692EC1 /* UIKit.framework */,
			);
			name = Frameworks;
			sourceTree = "<group>";
		};
		6F7C0CC817F0EA0500692EC1 /* Main */ = {
			isa = PBXGroup;
			children = (
				A62ECD401BB59BAB000CC25D /* ITMLib */,
				A62ECD2E1BB59B98000CC25D /* ORUtils */,
				A626D7661A0F9A220086B8BF /* Engine */,
				1FEF9103224A25F200E8AA35 /* Utils */,
				1FEF90FA224A220100E8AA35 /* PointCloud */,
				1FEF9107224A28CD00E8AA35 /* Shaders */,
				6F7C0CD117F0EA0500692EC1 /* AppDelegate.h */,
				6F7C0CD217F0EA0500692EC1 /* AppDelegate.m */,
				6F7C0CDC17F0EA0500692EC1 /* ViewController.h */,
				6F7C0CDA17F0EA0500692EC1 /* ViewController.mm */,
				6F7C0CC917F0EA0500692EC1 /* Supporting Files */,
			);
			name = Main;
			path = Viewer;
			sourceTree = "<group>";
		};
		6F7C0CC917F0EA0500692EC1 /* Supporting Files */ = {
			isa = PBXGroup;
			children = (
				1F412884225493F500ADB6D0 /* main.m */,
				A626D7641A0F98CF0086B8BF /* LaunchScreen.xib */,
				A6CA7EF81A0FDE0C0070848F /* Main.storyboard */,
				6F7C0CDD17F0EA0500692EC1 /* Images.xcassets */,
				6F7C0CCA17F0EA0500692EC1 /* BodyFusion-Info.plist */,
				6F7C0CD017F0EA0500692EC1 /* BodyFusion-Prefix.pch */,
			);
			name = "Supporting Files";
			sourceTree = "<group>";
		};
		A626D7661A0F9A220086B8BF /* Engine */ = {
			isa = PBXGroup;
			children = (
				A65A33E71A7BABA200F65FA2 /* IMUSourceEngine.cpp */,
				A65A33E81A7BABA200F65FA2 /* IMUSourceEngine.h */,
				A626D7671A0F9A220086B8BF /* ImageSourceEngine.cpp */,
				A626D7681A0F9A220086B8BF /* ImageSourceEngine.h */,
			);
			path = Engine;
			sourceTree = "<group>";
		};
		A62ECD2E1BB59B98000CC25D /* ORUtils */ = {
			isa = PBXGroup;
			children = (
				A62ECD2F1BB59B98000CC25D /* Cholesky.h */,
				A62ECD311BB59B98000CC25D /* CUDADefines.h */,
				A62ECD321BB59B98000CC25D /* Dummy.cpp */,
				A62ECD331BB59B98000CC25D /* Image.h */,
				A62ECD341BB59B98000CC25D /* LexicalCast.h */,
				A62ECD351BB59B98000CC25D /* MathUtils.h */,
				A62ECD361BB59B98000CC25D /* Matrix.h */,
				A62ECD371BB59B98000CC25D /* MemoryBlock.h */,
				A62ECD381BB59B98000CC25D /* MemoryBlockPersister.h */,
				A62ECD391BB59B98000CC25D /* MetalContext.h */,
				A62ECD3A1BB59B98000CC25D /* MetalContext.mm */,
				A62ECD3B1BB59B98000CC25D /* PlatformIndependence.h */,
				A62ECD3C1BB59B98000CC25D /* Vector.h */,
			);
			path = ORUtils;
			sourceTree = "<group>";
		};
		A62ECD401BB59BAB000CC25D /* ITMLib */ = {
			isa = PBXGroup;
			children = (
				A62ECD431BB59BAB000CC25D /* Engine */,
				A62ECDB21BB59BAC000CC25D /* ITMLib.h */,
				A62ECDB31BB59BAC000CC25D /* Objects */,
				A62ECDCC1BB59BAC000CC25D /* Utils */,
			);
			path = ITMLib;
			sourceTree = "<group>";
		};
		A62ECD431BB59BAB000CC25D /* Engine */ = {
			isa = PBXGroup;
			children = (
				A62ECD441BB59BAB000CC25D /* DeviceAgnostic */,
				A62ECD511BB59BAB000CC25D /* DeviceSpecific */,
				A62ECD961BB59BAC000CC25D /* ITMColorTracker.cpp */,
				A62ECD971BB59BAC000CC25D /* ITMColorTracker.h */,
				A62ECD981BB59BAC000CC25D /* ITMCompositeTracker.h */,
				A62ECD991BB59BAC000CC25D /* ITMDenseMapper.cpp */,
				A62ECD9A1BB59BAC000CC25D /* ITMDenseMapper.h */,
				A62ECD9B1BB59BAC000CC25D /* ITMDepthTracker.cpp */,
				A62ECD9C1BB59BAC000CC25D /* ITMDepthTracker.h */,
				A62ECD9D1BB59BAC000CC25D /* ITMIMUCalibrator.h */,
				A62ECD9E1BB59BAC000CC25D /* ITMIMUTracker.cpp */,
				A62ECD9F1BB59BAC000CC25D /* ITMIMUTracker.h */,
				A62ECDA01BB59BAC000CC25D /* ITMLowLevelEngine.h */,
				A62ECDA11BB59BAC000CC25D /* ITMMainEngine.cpp */,
				A62ECDA21BB59BAC000CC25D /* ITMMainEngine.h */,
				A62ECDA31BB59BAC000CC25D /* ITMMeshingEngine.h */,
				A62ECDA41BB59BAC000CC25D /* ITMRenTracker.cpp */,
				A62ECDA51BB59BAC000CC25D /* ITMRenTracker.h */,
				A62ECDA61BB59BAC000CC25D /* ITMSceneReconstructionEngine.h */,
				A62ECDA71BB59BAC000CC25D /* ITMSwappingEngine.h */,
				A62ECDA81BB59BAC000CC25D /* ITMTracker.h */,
				A62ECDA91BB59BAC000CC25D /* ITMTrackerFactory.cpp */,
				A62ECDAA1BB59BAC000CC25D /* ITMTrackerFactory.h */,
				A62ECDAB1BB59BAC000CC25D /* ITMTrackingController.cpp */,
				A62ECDAC1BB59BAC000CC25D /* ITMTrackingController.h */,
				A62ECDAD1BB59BAC000CC25D /* ITMViewBuilder.h */,
				A62ECDAE1BB59BAC000CC25D /* ITMVisualisationEngine.cpp */,
				A62ECDAF1BB59BAC000CC25D /* ITMVisualisationEngine.h */,
				A62ECDB01BB59BAC000CC25D /* ITMWeightedICPTracker.cpp */,
				A62ECDB11BB59BAC000CC25D /* ITMWeightedICPTracker.h */,
			);
			path = Engine;
			sourceTree = "<group>";
		};
		A62ECD441BB59BAB000CC25D /* DeviceAgnostic */ = {
			isa = PBXGroup;
			children = (
				A62ECD451BB59BAB000CC25D /* ITMColorTracker.h */,
				A62ECD461BB59BAB000CC25D /* ITMDepthTracker.h */,
				A62ECD471BB59BAB000CC25D /* ITMLowLevelEngine.h */,
				A62ECD481BB59BAB000CC25D /* ITMMeshingEngine.h */,
				A62ECD491BB59BAB000CC25D /* ITMPixelUtils.h */,
				A62ECD4A1BB59BAB000CC25D /* ITMRenTracker.h */,
				A62ECD4B1BB59BAB000CC25D /* ITMRepresentationAccess.h */,
				A62ECD4C1BB59BAB000CC25D /* ITMSceneReconstructionEngine.h */,
				A62ECD4D1BB59BAB000CC25D /* ITMSwappingEngine.h */,
				A62ECD4E1BB59BAB000CC25D /* ITMViewBuilder.h */,
				A62ECD4F1BB59BAB000CC25D /* ITMVisualisationEngine.h */,
				A62ECD501BB59BAB000CC25D /* ITMWeightedICPTracker.h */,
			);
			path = DeviceAgnostic;
			sourceTree = "<group>";
		};
		A62ECD511BB59BAB000CC25D /* DeviceSpecific */ = {
			isa = PBXGroup;
			children = (
				A62ECD521BB59BAB000CC25D /* CPU */,
				A62ECD671BB59BAB000CC25D /* CUDA */,
				A62ECD7D1BB59BAC000CC25D /* Metal */,
			);
			path = DeviceSpecific;
			sourceTree = "<group>";
		};
		A62ECD521BB59BAB000CC25D /* CPU */ = {
			isa = PBXGroup;
			children = (
				A62ECD531BB59BAB000CC25D /* ITMColorTracker_CPU.cpp */,
				A62ECD541BB59BAB000CC25D /* ITMColorTracker_CPU.h */,
				A62ECD551BB59BAB000CC25D /* ITMDepthTracker_CPU.cpp */,
				A62ECD561BB59BAB000CC25D /* ITMDepthTracker_CPU.h */,
				A62ECD571BB59BAB000CC25D /* ITMLowLevelEngine_CPU.cpp */,
				A62ECD581BB59BAB000CC25D /* ITMLowLevelEngine_CPU.h */,
				A62ECD591BB59BAB000CC25D /* ITMMeshingEngine_CPU.cpp */,
				A62ECD5A1BB59BAB000CC25D /* ITMMeshingEngine_CPU.h */,
				A62ECD5B1BB59BAB000CC25D /* ITMRenTracker_CPU.cpp */,
				A62ECD5C1BB59BAB000CC25D /* ITMRenTracker_CPU.h */,
				A62ECD5D1BB59BAB000CC25D /* ITMSceneReconstructionEngine_CPU.cpp */,
				A62ECD5E1BB59BAB000CC25D /* ITMSceneReconstructionEngine_CPU.h */,
				A62ECD5F1BB59BAB000CC25D /* ITMSwappingEngine_CPU.cpp */,
				A62ECD601BB59BAB000CC25D /* ITMSwappingEngine_CPU.h */,
				A62ECD611BB59BAB000CC25D /* ITMViewBuilder_CPU.cpp */,
				A62ECD621BB59BAB000CC25D /* ITMViewBuilder_CPU.h */,
				A62ECD631BB59BAB000CC25D /* ITMVisualisationEngine_CPU.cpp */,
				A62ECD641BB59BAB000CC25D /* ITMVisualisationEngine_CPU.h */,
				A62ECD651BB59BAB000CC25D /* ITMWeightedICPTracker_CPU.cpp */,
				A62ECD661BB59BAB000CC25D /* ITMWeightedICPTracker_CPU.h */,
			);
			path = CPU;
			sourceTree = "<group>";
		};
		A62ECD671BB59BAB000CC25D /* CUDA */ = {
			isa = PBXGroup;
			children = (
				A62ECD681BB59BAB000CC25D /* ITMColorTracker_CUDA.cu */,
				A62ECD691BB59BAB000CC25D /* ITMColorTracker_CUDA.h */,
				A62ECD6A1BB59BAB000CC25D /* ITMCUDAUtils.h */,
				A62ECD6B1BB59BAB000CC25D /* ITMDepthTracker_CUDA.cu */,
				A62ECD6C1BB59BAB000CC25D /* ITMDepthTracker_CUDA.h */,
				A62ECD6D1BB59BAB000CC25D /* ITMLowLevelEngine_CUDA.cu */,
				A62ECD6E1BB59BAC000CC25D /* ITMLowLevelEngine_CUDA.h */,
				A62ECD6F1BB59BAC000CC25D /* ITMMeshingEngine_CUDA.cu */,
				A62ECD701BB59BAC000CC25D /* ITMMeshingEngine_CUDA.h */,
				A62ECD711BB59BAC000CC25D /* ITMRenTracker_CUDA.cu */,
				A62ECD721BB59BAC000CC25D /* ITMRenTracker_CUDA.h */,
				A62ECD731BB59BAC000CC25D /* ITMSceneReconstructionEngine_CUDA.cu */,
				A62ECD741BB59BAC000CC25D /* ITMSceneReconstructionEngine_CUDA.h */,
				A62ECD751BB59BAC000CC25D /* ITMSwappingEngine_CUDA.cu */,
				A62ECD761BB59BAC000CC25D /* ITMSwappingEngine_CUDA.h */,
				A62ECD771BB59BAC000CC25D /* ITMViewBuilder_CUDA.cu */,
				A62ECD781BB59BAC000CC25D /* ITMViewBuilder_CUDA.h */,
				A62ECD791BB59BAC000CC25D /* ITMVisualisationEngine_CUDA.cu */,
				A62ECD7A1BB59BAC000CC25D /* ITMVisualisationEngine_CUDA.h */,
				A62ECD7B1BB59BAC000CC25D /* ITMWeightedICPTracker_CUDA.cu */,
				A62ECD7C1BB59BAC000CC25D /* ITMWeightedICPTracker_CUDA.h */,
			);
			path = CUDA;
			sourceTree = "<group>";
		};
		A62ECD7D1BB59BAC000CC25D /* Metal */ = {
			isa = PBXGroup;
			children = (
				A62ECD7E1BB59BAC000CC25D /* ITMColorTracker.metal */,
				A62ECD7F1BB59BAC000CC25D /* ITMColorTracker_Metal.h */,
				A62ECD801BB59BAC000CC25D /* ITMColorTracker_Metal.mm */,
				A62ECD811BB59BAC000CC25D /* ITMDepthTracker.metal */,
				A62ECD821BB59BAC000CC25D /* ITMDepthTracker_Metal.h */,
				A62ECD831BB59BAC000CC25D /* ITMDepthTracker_Metal.mm */,
				A62ECD841BB59BAC000CC25D /* ITMLowLevelEngine.metal */,
				A62ECD851BB59BAC000CC25D /* ITMLowLevelEngine_Metal.h */,
				A62ECD861BB59BAC000CC25D /* ITMLowLevelEngine_Metal.mm */,
				A62ECD871BB59BAC000CC25D /* ITMRenTracker.metal */,
				A62ECD881BB59BAC000CC25D /* ITMRenTracker_Metal.h */,
				A62ECD891BB59BAC000CC25D /* ITMRenTracker_Metal.mm */,
				A62ECD8A1BB59BAC000CC25D /* ITMSceneReconstructionEngine.metal */,
				A62ECD8B1BB59BAC000CC25D /* ITMSceneReconstructionEngine_Metal.h */,
				A62ECD8C1BB59BAC000CC25D /* ITMSceneReconstructionEngine_Metal.mm */,
				A62ECD8D1BB59BAC000CC25D /* ITMSwappingEngine.metal */,
				A62ECD8E1BB59BAC000CC25D /* ITMSwappingEngine_Metal.h */,
				A62ECD8F1BB59BAC000CC25D /* ITMSwappingEngine_Metal.mm */,
				A62ECD901BB59BAC000CC25D /* ITMViewBuilder.metal */,
				A62ECD911BB59BAC000CC25D /* ITMViewBuilder_Metal.h */,
				A62ECD921BB59BAC000CC25D /* ITMViewBuilder_Metal.mm */,
				A62ECD931BB59BAC000CC25D /* ITMVisualisationEngine.metal */,
				A62ECD941BB59BAC000CC25D /* ITMVisualisationEngine_Metal.h */,
				A62ECD951BB59BAC000CC25D /* ITMVisualisationEngine_Metal.mm */,
			);
			path = Metal;
			sourceTree = "<group>";
		};
		A62ECDB31BB59BAC000CC25D /* Objects */ = {
			isa = PBXGroup;
			children = (
				A62ECDB41BB59BAC000CC25D /* ITMDisparityCalib.h */,
				A62ECDB51BB59BAC000CC25D /* ITMExtrinsics.h */,
				A62ECDB61BB59BAC000CC25D /* ITMGlobalCache.h */,
				A62ECDB71BB59BAC000CC25D /* ITMImageHierarchy.h */,
				A62ECDB81BB59BAC000CC25D /* ITMIMUMeasurement.h */,
				A62ECDB91BB59BAC000CC25D /* ITMIntrinsics.h */,
				A62ECDBA1BB59BAC000CC25D /* ITMLocalVBA.h */,
				A62ECDBB1BB59BAC000CC25D /* ITMMesh.h */,
				A62ECDBC1BB59BAC000CC25D /* ITMPlainVoxelArray.h */,
				A62ECDBD1BB59BAC000CC25D /* ITMPointCloud.h */,
				A62ECDBE1BB59BAC000CC25D /* ITMPose.cpp */,
				A62ECDBF1BB59BAC000CC25D /* ITMPose.h */,
				A62ECDC01BB59BAC000CC25D /* ITMRenderState.h */,
				A62ECDC11BB59BAC000CC25D /* ITMRenderState_VH.h */,
				A62ECDC21BB59BAC000CC25D /* ITMRGBDCalib.h */,
				A62ECDC31BB59BAC000CC25D /* ITMScene.h */,
				A62ECDC41BB59BAC000CC25D /* ITMSceneHierarchyLevel.h */,
				A62ECDC51BB59BAC000CC25D /* ITMSceneParams.h */,
				A62ECDC61BB59BAC000CC25D /* ITMTemplatedHierarchyLevel.h */,
				A62ECDC71BB59BAC000CC25D /* ITMTrackingState.h */,
				A62ECDC81BB59BAC000CC25D /* ITMView.h */,
				A62ECDC91BB59BAC000CC25D /* ITMViewHierarchyLevel.h */,
				A62ECDCA1BB59BAC000CC25D /* ITMViewIMU.h */,
				A62ECDCB1BB59BAC000CC25D /* ITMVoxelBlockHash.h */,
			);
			path = Objects;
			sourceTree = "<group>";
		};
		A62ECDCC1BB59BAC000CC25D /* Utils */ = {
			isa = PBXGroup;
			children = (
				A62ECDCD1BB59BAC000CC25D /* ITMCalibIO.cpp */,
				A62ECDCE1BB59BAC000CC25D /* ITMCalibIO.h */,
				A62ECDCF1BB59BAC000CC25D /* ITMLibDefines.h */,
				A62ECDD01BB59BAC000CC25D /* ITMLibSettings.cpp */,
				A62ECDD11BB59BAC000CC25D /* ITMLibSettings.h */,
				A62ECDD21BB59BAC000CC25D /* ITMMath.h */,
			);
			path = Utils;
			sourceTree = "<group>";
		};
/* End PBXGroup section */

/* Begin PBXNativeTarget section */
		1FA62CF4221C59540064E62B /* BodyFusion */ = {
			isa = PBXNativeTarget;
			buildConfigurationList = 1FA62D47221C59540064E62B /* Build configuration list for PBXNativeTarget "BodyFusion" */;
			buildPhases = (
				1FA62CF5221C59540064E62B /* Sources */,
				1FA62D25221C59540064E62B /* Frameworks */,
				1FA62D36221C59540064E62B /* Resources */,
			);
			buildRules = (
			);
			dependencies = (
			);
			name = BodyFusion;
			productName = DepthViewer;
			productReference = 1FA62D4A221C59540064E62B /* BodyFusion.app */;
			productType = "com.apple.product-type.application";
		};
/* End PBXNativeTarget section */

/* Begin PBXProject section */
		6F7C0CB517F0EA0500692EC1 /* Project object */ = {
			isa = PBXProject;
			attributes = {
				LastUpgradeCheck = 1020;
				ORGANIZATIONNAME = Occipital;
				TargetAttributes = {
					1FA62CF4221C59540064E62B = {
						DevelopmentTeam = JT6G548J8N;
						SystemCapabilities = {
							com.apple.WAC = {
								enabled = 0;
							};
						};
					};
				};
			};
			buildConfigurationList = 6F7C0CB817F0EA0500692EC1 /* Build configuration list for PBXProject "BodyFusion" */;
			compatibilityVersion = "Xcode 3.2";
			developmentRegion = en;
			hasScannedForEncodings = 0;
			knownRegions = (
				en,
				Base,
			);
			mainGroup = 6F7C0CB417F0EA0500692EC1;
			productRefGroup = 6F7C0CBE17F0EA0500692EC1 /* Products */;
			projectDirPath = "";
			projectRoot = "";
			targets = (
				1FA62CF4221C59540064E62B /* BodyFusion */,
			);
		};
/* End PBXProject section */

/* Begin PBXResourcesBuildPhase section */
		1FA62D36221C59540064E62B /* Resources */ = {
			isa = PBXResourcesBuildPhase;
			buildActionMask = 2147483647;
			files = (
				1FA62D37221C59540064E62B /* LaunchScreen.xib in Resources */,
				1FA62D38221C59540064E62B /* ITMLowLevelEngine_CUDA.cu in Resources */,
				1FA62D3A221C59540064E62B /* ITMMeshingEngine_CUDA.cu in Resources */,
				1FA62D3B221C59540064E62B /* ITMSwappingEngine_CUDA.cu in Resources */,
				1FA62D3C221C59540064E62B /* ITMVisualisationEngine_CUDA.cu in Resources */,
				1FA62D3D221C59540064E62B /* ITMColorTracker_CUDA.cu in Resources */,
				1FA62D3F221C59540064E62B /* Main.storyboard in Resources */,
				1FA62D40221C59540064E62B /* ITMDepthTracker_CUDA.cu in Resources */,
				1FA62D41221C59540064E62B /* ITMSceneReconstructionEngine_CUDA.cu in Resources */,
				1FA62D42221C59540064E62B /* ITMRenTracker_CUDA.cu in Resources */,
				1FA62D43221C59540064E62B /* ITMWeightedICPTracker_CUDA.cu in Resources */,
				1FA62D44221C59540064E62B /* ITMViewBuilder_CUDA.cu in Resources */,
				1FA62D45221C59540064E62B /* Images.xcassets in Resources */,
			);
			runOnlyForDeploymentPostprocessing = 0;
		};
/* End PBXResourcesBuildPhase section */

/* Begin PBXSourcesBuildPhase section */
		1FA62CF5221C59540064E62B /* Sources */ = {
			isa = PBXSourcesBuildPhase;
			buildActionMask = 2147483647;
			files = (
				1FA62CF6221C59540064E62B /* ITMDepthTracker.metal in Sources */,
				1FA62CF7221C59540064E62B /* ITMTrackerFactory.cpp in Sources */,
				1FA62CF8221C59540064E62B /* ITMColorTracker.cpp in Sources */,
				1FA62CF9221C59540064E62B /* ITMTrackingController.cpp in Sources */,
				1FEF910C224A28CD00E8AA35 /* PointCloud.metal in Sources */,
				1FA62CFA221C59540064E62B /* ITMSceneReconstructionEngine.metal in Sources */,
				1FA62CFB221C59540064E62B /* ImageSourceEngine.cpp in Sources */,
				1FEF90FF224A220100E8AA35 /* AAPLTransforms.mm in Sources */,
				1FA62CFC221C59540064E62B /* ViewController.mm in Sources */,
				1FA62CFD221C59540064E62B /* ITMRenTracker.cpp in Sources */,
				1FA62CFE221C59540064E62B /* ITMColorTracker_CPU.cpp in Sources */,
				1FA62CFF221C59540064E62B /* IMUSourceEngine.cpp in Sources */,
				1FA62D00221C59540064E62B /* ITMWeightedICPTracker_CPU.cpp in Sources */,
				1FA62D01221C59540064E62B /* ITMDepthTracker_CPU.cpp in Sources */,
				1FA62D02221C59540064E62B /* ITMVisualisationEngine.metal in Sources */,
				1FA62D03221C59540064E62B /* Dummy.cpp in Sources */,
				1F412885225493F500ADB6D0 /* main.m in Sources */,
				1FA62D04221C59540064E62B /* AppDelegate.m in Sources */,
				1FA62D05221C59540064E62B /* ITMSwappingEngine_CPU.cpp in Sources */,
				1FA62D06221C59540064E62B /* ITMRenTracker_CPU.cpp in Sources */,
				1FA62D07221C59540064E62B /* ITMVisualisationEngine.cpp in Sources */,
				1FA62D08221C59540064E62B /* ITMMeshingEngine_CPU.cpp in Sources */,
				1FA62D09221C59540064E62B /* ITMDepthTracker.cpp in Sources */,
				1FA62D0A221C59540064E62B /* ITMColorTracker_Metal.mm in Sources */,
				1FA62D0B221C59540064E62B /* ITMViewBuilder_CPU.cpp in Sources */,
				1FA62D0C221C59540064E62B /* ITMDenseMapper.cpp in Sources */,
				1FA62D0D221C59540064E62B /* ITMSwappingEngine.metal in Sources */,
				1FA62D0E221C59540064E62B /* ITMCalibIO.cpp in Sources */,
				1FEF910D224A28CD00E8AA35 /* Mixer.metal in Sources */,
				1FEF910F224A28CD00E8AA35 /* PassThrough.metal in Sources */,
				1FA62D0F221C59540064E62B /* ITMLibSettings.cpp in Sources */,
				1FA62D10221C59540064E62B /* ITMSceneReconstructionEngine_Metal.mm in Sources */,
				1FA62D11221C59540064E62B /* ITMLowLevelEngine_Metal.mm in Sources */,
				1FA62D12221C59540064E62B /* ITMVisualisationEngine_CPU.cpp in Sources */,
				1FA62D13221C59540064E62B /* ITMIMUTracker.cpp in Sources */,
				1FEF9100224A220100E8AA35 /* PointCloudMetalView.mm in Sources */,
				1FA62D14221C59540064E62B /* ITMLowLevelEngine.metal in Sources */,
				1FA62D15221C59540064E62B /* ITMWeightedICPTracker.cpp in Sources */,
				1FA62D16221C59540064E62B /* ITMPose.cpp in Sources */,
				1F41288822549ABE00ADB6D0 /* PointCloudViewController.m in Sources */,
				1FA62D17221C59540064E62B /* ITMLowLevelEngine_CPU.cpp in Sources */,
				1FA62D18221C59540064E62B /* ITMViewBuilder.metal in Sources */,
				1FA62D19221C59540064E62B /* ITMColorTracker.metal in Sources */,
				1FEF9106224A25F200E8AA35 /* FileUtils.cpp in Sources */,
				1FA62D1B221C59540064E62B /* ITMRenTracker.metal in Sources */,
				1FA62D1C221C59540064E62B /* ITMMainEngine.cpp in Sources */,
				1FEF910E224A28CD00E8AA35 /* DepthToJET.metal in Sources */,
				1FA62D1E221C59540064E62B /* ITMSceneReconstructionEngine_CPU.cpp in Sources */,
				1FA62D1F221C59540064E62B /* ITMRenTracker_Metal.mm in Sources */,
				1FA62D20221C59540064E62B /* MetalContext.mm in Sources */,
				1FA62D21221C59540064E62B /* ITMVisualisationEngine_Metal.mm in Sources */,
				1FA62D22221C59540064E62B /* ITMViewBuilder_Metal.mm in Sources */,
				1FA62D23221C59540064E62B /* ITMDepthTracker_Metal.mm in Sources */,
				1FA62D24221C59540064E62B /* ITMSwappingEngine_Metal.mm in Sources */,
			);
			runOnlyForDeploymentPostprocessing = 0;
		};
/* End PBXSourcesBuildPhase section */

/* Begin XCBuildConfiguration section */
		1FA62D48221C59540064E62B /* Debug */ = {
			isa = XCBuildConfiguration;
			buildSettings = {
				ASSETCATALOG_COMPILER_APPICON_NAME = AppIcon;
				CODE_SIGN_IDENTITY = "iPhone Developer";
				"CODE_SIGN_IDENTITY[sdk=iphoneos*]" = "iPhone Developer";
				FRAMEWORK_SEARCH_PATHS = "$(PROJECT_DIR)/Frameworks";
				GCC_PRECOMPILE_PREFIX_HEADER = YES;
				GCC_PREFIX_HEADER = "Viewer/BodyFusion-Prefix.pch";
				GCC_PREPROCESSOR_DEFINITIONS = (
					COMPILE_WITHOUT_CUDA,
					COMPILE_WITH_METAL,
				);
				INFOPLIST_FILE = "Viewer/BodyFusion-Info.plist";
				IPHONEOS_DEPLOYMENT_TARGET = 12.2;
				MTL_PREPROCESSOR_DEFINITIONS = "COMPILE_WITHOUT_CUDA __METALC__";
				PRODUCT_BUNDLE_IDENTIFIER = com.yanshi.BodyFusion;
				PRODUCT_NAME = "$(TARGET_NAME)";
				PROVISIONING_PROFILE = "";
				TARGETED_DEVICE_FAMILY = 1;
				VALID_ARCHS = "arm64 arm64e";
			};
			name = Debug;
		};
		1FA62D49221C59540064E62B /* Release */ = {
			isa = XCBuildConfiguration;
			buildSettings = {
				ASSETCATALOG_COMPILER_APPICON_NAME = AppIcon;
				CODE_SIGN_IDENTITY = "iPhone Developer";
				"CODE_SIGN_IDENTITY[sdk=iphoneos*]" = "iPhone Developer";
				FRAMEWORK_SEARCH_PATHS = "$(PROJECT_DIR)/Frameworks";
				GCC_PRECOMPILE_PREFIX_HEADER = YES;
				GCC_PREFIX_HEADER = "Viewer/BodyFusion-Prefix.pch";
				GCC_PREPROCESSOR_DEFINITIONS = (
					COMPILE_WITHOUT_CUDA,
					COMPILE_WITH_METAL,
				);
				INFOPLIST_FILE = "Viewer/BodyFusion-Info.plist";
				IPHONEOS_DEPLOYMENT_TARGET = 12.2;
				MTL_PREPROCESSOR_DEFINITIONS = "COMPILE_WITHOUT_CUDA __METALC__";
				PRODUCT_BUNDLE_IDENTIFIER = com.yanshi.BodyFusion;
				PRODUCT_NAME = "$(TARGET_NAME)";
				PROVISIONING_PROFILE = "";
				TARGETED_DEVICE_FAMILY = 1;
				VALID_ARCHS = "arm64 arm64e";
			};
			name = Release;
		};
		6F7C0CF217F0EA0500692EC1 /* Debug */ = {
			isa = XCBuildConfiguration;
			buildSettings = {
				CLANG_ANALYZER_LOCALIZABILITY_NONLOCALIZED = YES;
				CLANG_CXX_LANGUAGE_STANDARD = "gnu++0x";
				CLANG_CXX_LIBRARY = "libc++";
				CLANG_ENABLE_OBJC_ARC = YES;
				CLANG_WARN_BLOCK_CAPTURE_AUTORELEASING = YES;
				CLANG_WARN_BOOL_CONVERSION = YES;
				CLANG_WARN_COMMA = NO;
				CLANG_WARN_CONSTANT_CONVERSION = YES;
				CLANG_WARN_DEPRECATED_OBJC_IMPLEMENTATIONS = YES;
				CLANG_WARN_EMPTY_BODY = YES;
				CLANG_WARN_ENUM_CONVERSION = YES;
				CLANG_WARN_INFINITE_RECURSION = YES;
				CLANG_WARN_INT_CONVERSION = YES;
				CLANG_WARN_NON_LITERAL_NULL_CONVERSION = YES;
				CLANG_WARN_OBJC_IMPLICIT_RETAIN_SELF = NO;
				CLANG_WARN_OBJC_LITERAL_CONVERSION = YES;
				CLANG_WARN_RANGE_LOOP_ANALYSIS = YES;
				CLANG_WARN_STRICT_PROTOTYPES = YES;
				CLANG_WARN_SUSPICIOUS_MOVE = YES;
				CLANG_WARN_UNREACHABLE_CODE = YES;
				CLANG_WARN__DUPLICATE_METHOD_MATCH = YES;
				CODE_SIGN_IDENTITY = "iPhone Developer: shi yan (P4R63B8MV7)";
				COPY_PHASE_STRIP = NO;
				DEVELOPMENT_TEAM = JT6G548J8N;
				ENABLE_BITCODE = NO;
				ENABLE_STRICT_OBJC_MSGSEND = YES;
				ENABLE_TESTABILITY = YES;
				FRAMEWORK_SEARCH_PATHS = "$(PROJECT_DIR)/../Frameworks";
				GCC_NO_COMMON_BLOCKS = YES;
				GCC_OPTIMIZATION_LEVEL = 0;
				GCC_WARN_64_TO_32_BIT_CONVERSION = YES;
				GCC_WARN_ABOUT_RETURN_TYPE = YES;
				GCC_WARN_UNDECLARED_SELECTOR = YES;
				GCC_WARN_UNINITIALIZED_AUTOS = YES;
				GCC_WARN_UNUSED_FUNCTION = YES;
				GCC_WARN_UNUSED_VARIABLE = YES;
				IPHONEOS_DEPLOYMENT_TARGET = 12.2;
				ONLY_ACTIVE_ARCH = YES;
				SDKROOT = iphoneos;
				TARGETED_DEVICE_FAMILY = "1,2";
				VALID_ARCHS = "arm64 arm64e";
			};
			name = Debug;
		};
		6F7C0CF317F0EA0500692EC1 /* Release */ = {
			isa = XCBuildConfiguration;
			buildSettings = {
				CLANG_ANALYZER_LOCALIZABILITY_NONLOCALIZED = YES;
				CLANG_CXX_LANGUAGE_STANDARD = "gnu++0x";
				CLANG_CXX_LIBRARY = "libc++";
				CLANG_ENABLE_OBJC_ARC = YES;
				CLANG_WARN_BLOCK_CAPTURE_AUTORELEASING = YES;
				CLANG_WARN_BOOL_CONVERSION = YES;
				CLANG_WARN_COMMA = NO;
				CLANG_WARN_CONSTANT_CONVERSION = YES;
				CLANG_WARN_DEPRECATED_OBJC_IMPLEMENTATIONS = YES;
				CLANG_WARN_EMPTY_BODY = YES;
				CLANG_WARN_ENUM_CONVERSION = YES;
				CLANG_WARN_INFINITE_RECURSION = YES;
				CLANG_WARN_INT_CONVERSION = YES;
				CLANG_WARN_NON_LITERAL_NULL_CONVERSION = YES;
				CLANG_WARN_OBJC_IMPLICIT_RETAIN_SELF = NO;
				CLANG_WARN_OBJC_LITERAL_CONVERSION = YES;
				CLANG_WARN_RANGE_LOOP_ANALYSIS = YES;
				CLANG_WARN_STRICT_PROTOTYPES = YES;
				CLANG_WARN_SUSPICIOUS_MOVE = YES;
				CLANG_WARN_UNREACHABLE_CODE = YES;
				CLANG_WARN__DUPLICATE_METHOD_MATCH = YES;
				CODE_SIGN_IDENTITY = "iPhone Developer: shi yan (P4R63B8MV7)";
				DEVELOPMENT_TEAM = JT6G548J8N;
				ENABLE_BITCODE = NO;
				ENABLE_NS_ASSERTIONS = NO;
				ENABLE_STRICT_OBJC_MSGSEND = YES;
				FRAMEWORK_SEARCH_PATHS = "$(PROJECT_DIR)/../Frameworks";
				GCC_NO_COMMON_BLOCKS = YES;
				GCC_WARN_64_TO_32_BIT_CONVERSION = YES;
				GCC_WARN_ABOUT_RETURN_TYPE = YES;
				GCC_WARN_UNDECLARED_SELECTOR = YES;
				GCC_WARN_UNINITIALIZED_AUTOS = YES;
				GCC_WARN_UNUSED_FUNCTION = YES;
				GCC_WARN_UNUSED_VARIABLE = YES;
				IPHONEOS_DEPLOYMENT_TARGET = 12.2;
				SDKROOT = iphoneos;
				TARGETED_DEVICE_FAMILY = "1,2";
				VALIDATE_PRODUCT = YES;
				VALID_ARCHS = "arm64 arm64e";
			};
			name = Release;
		};
/* End XCBuildConfiguration section */

/* Begin XCConfigurationList section */
		1FA62D47221C59540064E62B /* Build configuration list for PBXNativeTarget "BodyFusion" */ = {
			isa = XCConfigurationList;
			buildConfigurations = (
				1FA62D48221C59540064E62B /* Debug */,
				1FA62D49221C59540064E62B /* Release */,
			);
			defaultConfigurationIsVisible = 0;
			defaultConfigurationName = Release;
		};
		6F7C0CB817F0EA0500692EC1 /* Build configuration list for PBXProject "BodyFusion" */ = {
			isa = XCConfigurationList;
			buildConfigurations = (
				6F7C0CF217F0EA0500692EC1 /* Debug */,
				6F7C0CF317F0EA0500692EC1 /* Release */,
			);
			defaultConfigurationIsVisible = 0;
			defaultConfigurationName = Release;
		};
/* End XCConfigurationList section */
	};
	rootObject = 6F7C0CB517F0EA0500692EC1 /* Project object */;
}
